// !$*UTF8*$!
{
	archiveVersion = 1;
	classes = {
	};
	objectVersion = 46;
	objects = {

/* Begin PBXBuildFile section */
		0CBFBEEBBA70B08AB0AAB582 /* Pods_StylistEye.framework in Frameworks */ = {isa = PBXBuildFile; fileRef = B11FB7410EB3E97B7902E759 /* Pods_StylistEye.framework */; };
		3102869F1DAFA41A007EE87B /* MainTabBarController.swift in Sources */ = {isa = PBXBuildFile; fileRef = 3102869E1DAFA41A007EE87B /* MainTabBarController.swift */; };
		310286A11DAFA49B007EE87B /* AbstractTabBarViewController.swift in Sources */ = {isa = PBXBuildFile; fileRef = 310286A01DAFA49B007EE87B /* AbstractTabBarViewController.swift */; };
		310286A31DAFA4C7007EE87B /* UIViewController+SE.swift in Sources */ = {isa = PBXBuildFile; fileRef = 310286A21DAFA4C7007EE87B /* UIViewController+SE.swift */; };
		310286A61DAFA54A007EE87B /* OutfitViewController.swift in Sources */ = {isa = PBXBuildFile; fileRef = 310286A51DAFA54A007EE87B /* OutfitViewController.swift */; };
		310286A81DAFA569007EE87B /* QuestionnaireViewController.swift in Sources */ = {isa = PBXBuildFile; fileRef = 310286A71DAFA569007EE87B /* QuestionnaireViewController.swift */; };
		310286AA1DAFA574007EE87B /* WardrobeViewController.swift in Sources */ = {isa = PBXBuildFile; fileRef = 310286A91DAFA574007EE87B /* WardrobeViewController.swift */; };
		310286AD1DAFA716007EE87B /* Main.strings in Resources */ = {isa = PBXBuildFile; fileRef = 310286AC1DAFA716007EE87B /* Main.strings */; };
		310919721DAE81170083A2C8 /* LoginCommand.swift in Sources */ = {isa = PBXBuildFile; fileRef = 310919711DAE81170083A2C8 /* LoginCommand.swift */; };
		310919751DAE823E0083A2C8 /* EmptyDTO.swift in Sources */ = {isa = PBXBuildFile; fileRef = 310919741DAE823E0083A2C8 /* EmptyDTO.swift */; };
		310919781DAE83240083A2C8 /* Configuration.swift in Sources */ = {isa = PBXBuildFile; fileRef = 310919771DAE83240083A2C8 /* Configuration.swift */; };
		3109197A1DAE850E0083A2C8 /* UserDTO.swift in Sources */ = {isa = PBXBuildFile; fileRef = 310919791DAE850E0083A2C8 /* UserDTO.swift */; };
		3109197C1DAE860B0083A2C8 /* String+SE.swift in Sources */ = {isa = PBXBuildFile; fileRef = 3109197B1DAE860B0083A2C8 /* String+SE.swift */; };
		3109197E1DAE87570083A2C8 /* ObjectResponse.swift in Sources */ = {isa = PBXBuildFile; fileRef = 3109197D1DAE87570083A2C8 /* ObjectResponse.swift */; };
		310919811DAE8DA30083A2C8 /* TextField.swift in Sources */ = {isa = PBXBuildFile; fileRef = 310919801DAE8DA30083A2C8 /* TextField.swift */; };
		310919831DAE8FF80083A2C8 /* UIColor+SE.swift in Sources */ = {isa = PBXBuildFile; fileRef = 310919821DAE8FF80083A2C8 /* UIColor+SE.swift */; };
		310919851DAE91970083A2C8 /* Keychain.swift in Sources */ = {isa = PBXBuildFile; fileRef = 310919841DAE91970083A2C8 /* Keychain.swift */; };
		310919871DAE94AE0083A2C8 /* KeychainKeys.swift in Sources */ = {isa = PBXBuildFile; fileRef = 310919861DAE94AE0083A2C8 /* KeychainKeys.swift */; };
		3109198A1DAE99280083A2C8 /* AccessToken.swift in Sources */ = {isa = PBXBuildFile; fileRef = 310919891DAE99280083A2C8 /* AccessToken.swift */; };
		3109198C1DAE9B2C0083A2C8 /* AccountSession.swift in Sources */ = {isa = PBXBuildFile; fileRef = 3109198B1DAE9B2C0083A2C8 /* AccountSession.swift */; };
		3109198E1DAE9BB80083A2C8 /* UserInfo.swift in Sources */ = {isa = PBXBuildFile; fileRef = 3109198D1DAE9BB80083A2C8 /* UserInfo.swift */; };
		310919901DAE9D830083A2C8 /* AccountSessionManager.swift in Sources */ = {isa = PBXBuildFile; fileRef = 3109198F1DAE9D830083A2C8 /* AccountSessionManager.swift */; };
		310919921DAE9FDB0083A2C8 /* UserDefaults.swift in Sources */ = {isa = PBXBuildFile; fileRef = 310919911DAE9FDB0083A2C8 /* UserDefaults.swift */; };
		310919941DAE9FF60083A2C8 /* Typealiases.swift in Sources */ = {isa = PBXBuildFile; fileRef = 310919931DAE9FF60083A2C8 /* Typealiases.swift */; };
		310919961DAEA0260083A2C8 /* UserDefaultKeys.swift in Sources */ = {isa = PBXBuildFile; fileRef = 310919951DAEA0260083A2C8 /* UserDefaultKeys.swift */; };
		310919981DAEA0790083A2C8 /* KeyRepresentable.swift in Sources */ = {isa = PBXBuildFile; fileRef = 310919971DAEA0790083A2C8 /* KeyRepresentable.swift */; };
		3109199A1DAEA92A0083A2C8 /* NetworkResponse.swift in Sources */ = {isa = PBXBuildFile; fileRef = 310919991DAEA92A0083A2C8 /* NetworkResponse.swift */; };
		311D1F041DAE461D00A7F545 /* Media.xcassets in Resources */ = {isa = PBXBuildFile; fileRef = 311D1F031DAE461D00A7F545 /* Media.xcassets */; };
		311D1F091DAE464E00A7F545 /* Login.strings in Resources */ = {isa = PBXBuildFile; fileRef = 311D1F0B1DAE464E00A7F545 /* Login.strings */; };
		311D1F121DAE4AE900A7F545 /* Initializable.swift in Sources */ = {isa = PBXBuildFile; fileRef = 311D1F111DAE4AE900A7F545 /* Initializable.swift */; };
		311D1F141DAE4B3000A7F545 /* AbstractViewController.swift in Sources */ = {isa = PBXBuildFile; fileRef = 311D1F131DAE4B3000A7F545 /* AbstractViewController.swift */; };
		311D1F171DAE4B4B00A7F545 /* UIView+SE.swift in Sources */ = {isa = PBXBuildFile; fileRef = 311D1F161DAE4B4B00A7F545 /* UIView+SE.swift */; };
		311D1F1A1DAE4C7F00A7F545 /* APIUrlManager.swift in Sources */ = {isa = PBXBuildFile; fileRef = 311D1F191DAE4C7F00A7F545 /* APIUrlManager.swift */; };
		311D1F1D1DAE4C9500A7F545 /* NetworkExecutable.swift in Sources */ = {isa = PBXBuildFile; fileRef = 311D1F1C1DAE4C9500A7F545 /* NetworkExecutable.swift */; };
		311D1F1F1DAE4E4500A7F545 /* LoginViewController.swift in Sources */ = {isa = PBXBuildFile; fileRef = 311D1F1E1DAE4E4500A7F545 /* LoginViewController.swift */; };
		312F04A81E47722700252D22 /* SendMessageCommand.swift in Sources */ = {isa = PBXBuildFile; fileRef = 312F04A71E47722700252D22 /* SendMessageCommand.swift */; };
		31400F071DB53E0600A088A0 /* AboutViewController.swift in Sources */ = {isa = PBXBuildFile; fileRef = 31400F061DB53E0600A088A0 /* AboutViewController.swift */; };
		31400F091DB53E1700A088A0 /* NoteViewController.swift in Sources */ = {isa = PBXBuildFile; fileRef = 31400F081DB53E1700A088A0 /* NoteViewController.swift */; };
		31400F0B1DB53E2A00A088A0 /* PrivacyViewController.swift in Sources */ = {isa = PBXBuildFile; fileRef = 31400F0A1DB53E2A00A088A0 /* PrivacyViewController.swift */; };
		31400F0D1DB53F2800A088A0 /* QuestionnaireDetailViewController.swift in Sources */ = {isa = PBXBuildFile; fileRef = 31400F0C1DB53F2800A088A0 /* QuestionnaireDetailViewController.swift */; };
		31400F131DB54A7800A088A0 /* QuestionnaireTableViewCell.swift in Sources */ = {isa = PBXBuildFile; fileRef = 31400F121DB54A7800A088A0 /* QuestionnaireTableViewCell.swift */; };
		314280DB1DF7ED21003C454A /* AuthorDTO.swift in Sources */ = {isa = PBXBuildFile; fileRef = 314280DA1DF7ED21003C454A /* AuthorDTO.swift */; };
		31508DCF1DB3C73200D26F53 /* CameraViewController.swift in Sources */ = {isa = PBXBuildFile; fileRef = 31508DCE1DB3C73200D26F53 /* CameraViewController.swift */; };
		31508DD11DB3D0F700D26F53 /* CaptureImageViewController.swift in Sources */ = {isa = PBXBuildFile; fileRef = 31508DD01DB3D0F700D26F53 /* CaptureImageViewController.swift */; };
		31582A241DBCB86E009D7139 /* FilterBox.swift in Sources */ = {isa = PBXBuildFile; fileRef = 31582A231DBCB86E009D7139 /* FilterBox.swift */; };
		31582A281DBCC370009D7139 /* FilterMenu.swift in Sources */ = {isa = PBXBuildFile; fileRef = 31582A271DBCC370009D7139 /* FilterMenu.swift */; };
		3161C2B81E01D267007DC0FB /* PhotosDTO.swift in Sources */ = {isa = PBXBuildFile; fileRef = 3161C2B71E01D267007DC0FB /* PhotosDTO.swift */; };
		3161C2BA1E01D2BF007DC0FB /* StylistDTO.swift in Sources */ = {isa = PBXBuildFile; fileRef = 3161C2B91E01D2BF007DC0FB /* StylistDTO.swift */; };
		3161C2BC1E01D2F6007DC0FB /* AddressDTO.swift in Sources */ = {isa = PBXBuildFile; fileRef = 3161C2BB1E01D2F6007DC0FB /* AddressDTO.swift */; };
		3161C2BE1E01D474007DC0FB /* ComponentsDTO.swift in Sources */ = {isa = PBXBuildFile; fileRef = 3161C2BD1E01D474007DC0FB /* ComponentsDTO.swift */; };
		3163A7D41DBA32DC00D009BB /* Optional.swift in Sources */ = {isa = PBXBuildFile; fileRef = 3163A7D31DBA32DC00D009BB /* Optional.swift */; };
		316F69331E24160100EC0972 /* GarmentTypeCommand.swift in Sources */ = {isa = PBXBuildFile; fileRef = 316F69321E24160100EC0972 /* GarmentTypeCommand.swift */; };
		3175F4E21E05614C001C89C6 /* OutfitCategoryDTO.swift in Sources */ = {isa = PBXBuildFile; fileRef = 3175F4E11E05614C001C89C6 /* OutfitCategoryDTO.swift */; };
		3175F4E41E05621D001C89C6 /* OutfitCategoryCommand.swift in Sources */ = {isa = PBXBuildFile; fileRef = 3175F4E31E05621D001C89C6 /* OutfitCategoryCommand.swift */; };
		3175F4E61E05638D001C89C6 /* OutfitCategoryViewController.swift in Sources */ = {isa = PBXBuildFile; fileRef = 3175F4E51E05638D001C89C6 /* OutfitCategoryViewController.swift */; };
		317D60F11DB0A38D0044D46B /* AbstractTableViewCell.swift in Sources */ = {isa = PBXBuildFile; fileRef = 317D60F01DB0A38D0044D46B /* AbstractTableViewCell.swift */; };
		317D60F31DB0A4230044D46B /* TableViewCellWithImage.swift in Sources */ = {isa = PBXBuildFile; fileRef = 317D60F21DB0A4230044D46B /* TableViewCellWithImage.swift */; };
		317D60F51DB0ADD60044D46B /* LanguagesViewController.swift in Sources */ = {isa = PBXBuildFile; fileRef = 317D60F41DB0ADD50044D46B /* LanguagesViewController.swift */; };
		317D60F71DB0AFC30044D46B /* Settings.strings in Resources */ = {isa = PBXBuildFile; fileRef = 317D60F61DB0AFC30044D46B /* Settings.strings */; };
		317F6CF61DB2C61100DE0679 /* OutfitsDTO.swift in Sources */ = {isa = PBXBuildFile; fileRef = 317F6CF51DB2C61100DE0679 /* OutfitsDTO.swift */; };
		317F6CF81DB2C6D600DE0679 /* OutfitsCommand.swift in Sources */ = {isa = PBXBuildFile; fileRef = 317F6CF71DB2C6D600DE0679 /* OutfitsCommand.swift */; };
		31818E4D1DAFEB87004883D2 /* SettingsItem.swift in Sources */ = {isa = PBXBuildFile; fileRef = 31818E4C1DAFEB87004883D2 /* SettingsItem.swift */; };
		31818E4F1DAFEBF7004883D2 /* SettingsViewController.swift in Sources */ = {isa = PBXBuildFile; fileRef = 31818E4E1DAFEBF7004883D2 /* SettingsViewController.swift */; };
		31818E511DAFF003004883D2 /* TableView.swift in Sources */ = {isa = PBXBuildFile; fileRef = 31818E501DAFF003004883D2 /* TableView.swift */; };
		31818E531DAFF0D5004883D2 /* UITableView+SE.swift in Sources */ = {isa = PBXBuildFile; fileRef = 31818E521DAFF0D5004883D2 /* UITableView+SE.swift */; };
		31818E551DAFF10E004883D2 /* Reusable.swift in Sources */ = {isa = PBXBuildFile; fileRef = 31818E541DAFF10E004883D2 /* Reusable.swift */; };
		31818E571DAFF265004883D2 /* UITabeViewCell+SE.swift in Sources */ = {isa = PBXBuildFile; fileRef = 31818E561DAFF265004883D2 /* UITabeViewCell+SE.swift */; };
		31818E5A1DB00295004883D2 /* LogoutCommand.swift in Sources */ = {isa = PBXBuildFile; fileRef = 31818E591DB00295004883D2 /* LogoutCommand.swift */; };
		31818E691DB00926004883D2 /* SanFranciscoText-Bold.otf in Resources */ = {isa = PBXBuildFile; fileRef = 31818E5D1DB00805004883D2 /* SanFranciscoText-Bold.otf */; };
		31818E6A1DB00926004883D2 /* SanFranciscoText-BoldItalic.otf in Resources */ = {isa = PBXBuildFile; fileRef = 31818E5E1DB00805004883D2 /* SanFranciscoText-BoldItalic.otf */; };
		31818E6B1DB00926004883D2 /* SanFranciscoText-Heavy.otf in Resources */ = {isa = PBXBuildFile; fileRef = 31818E5F1DB00805004883D2 /* SanFranciscoText-Heavy.otf */; };
		31818E6C1DB00926004883D2 /* SanFranciscoText-HeavyItalic.otf in Resources */ = {isa = PBXBuildFile; fileRef = 31818E601DB00805004883D2 /* SanFranciscoText-HeavyItalic.otf */; };
		31818E6D1DB00926004883D2 /* SanFranciscoText-Light.otf in Resources */ = {isa = PBXBuildFile; fileRef = 31818E611DB00805004883D2 /* SanFranciscoText-Light.otf */; };
		31818E6E1DB00926004883D2 /* SanFranciscoText-LightItalic.otf in Resources */ = {isa = PBXBuildFile; fileRef = 31818E621DB00805004883D2 /* SanFranciscoText-LightItalic.otf */; };
		31818E6F1DB00926004883D2 /* SanFranciscoText-Medium.otf in Resources */ = {isa = PBXBuildFile; fileRef = 31818E631DB00805004883D2 /* SanFranciscoText-Medium.otf */; };
		31818E701DB00926004883D2 /* SanFranciscoText-MediumItalic.otf in Resources */ = {isa = PBXBuildFile; fileRef = 31818E641DB00805004883D2 /* SanFranciscoText-MediumItalic.otf */; };
		31818E711DB00926004883D2 /* Avenir.ttc in Resources */ = {isa = PBXBuildFile; fileRef = 31818E5C1DB007FB004883D2 /* Avenir.ttc */; };
		31818E731DB00BAC004883D2 /* Label.swift in Sources */ = {isa = PBXBuildFile; fileRef = 31818E721DB00BAC004883D2 /* Label.swift */; };
		318901E01DBBBA020027566A /* CurrentLanguageChecker.swift in Sources */ = {isa = PBXBuildFile; fileRef = 318901DF1DBBBA020027566A /* CurrentLanguageChecker.swift */; };
		31897D951DAF6B8D00BFFED0 /* Launch Screen.storyboard in Resources */ = {isa = PBXBuildFile; fileRef = 31897D941DAF6B8D00BFFED0 /* Launch Screen.storyboard */; };
		318FD7731E472A16008EEA23 /* UpdateMessageStatusCommand.swift in Sources */ = {isa = PBXBuildFile; fileRef = 318FD7721E472A16008EEA23 /* UpdateMessageStatusCommand.swift */; };
		3197B6591DB236C30096EF16 /* MessagesTableViewCell.swift in Sources */ = {isa = PBXBuildFile; fileRef = 3197B6581DB236C30096EF16 /* MessagesTableViewCell.swift */; };
		3197B65B1DB23B7E0096EF16 /* MessagesViewController.swift in Sources */ = {isa = PBXBuildFile; fileRef = 3197B65A1DB23B7E0096EF16 /* MessagesViewController.swift */; };
		3197B65D1DB288250096EF16 /* WardrobeFeedViewController.swift in Sources */ = {isa = PBXBuildFile; fileRef = 3197B65C1DB288250096EF16 /* WardrobeFeedViewController.swift */; };
		3197B65F1DB28DA20096EF16 /* MessagesDTO.swift in Sources */ = {isa = PBXBuildFile; fileRef = 3197B65E1DB28DA20096EF16 /* MessagesDTO.swift */; };
		3197B6611DB28E4C0096EF16 /* MessagesCommand.swift in Sources */ = {isa = PBXBuildFile; fileRef = 3197B6601DB28E4C0096EF16 /* MessagesCommand.swift */; };
		31A252701E06C7980090EFD8 /* MessageDetailCommand.swift in Sources */ = {isa = PBXBuildFile; fileRef = 31A2526F1E06C7980090EFD8 /* MessageDetailCommand.swift */; };
		31A252721E06E04B0090EFD8 /* TimeHelper.swift in Sources */ = {isa = PBXBuildFile; fileRef = 31A252711E06E04B0090EFD8 /* TimeHelper.swift */; };
		31A252741E06E0EB0090EFD8 /* DatetimeTransform.swift in Sources */ = {isa = PBXBuildFile; fileRef = 31A252731E06E0EB0090EFD8 /* DatetimeTransform.swift */; };
		31B9F3601DB17C740049F08E /* Array.swift in Sources */ = {isa = PBXBuildFile; fileRef = 31B9F35F1DB17C740049F08E /* Array.swift */; };
		31C8BB321E04808B00D8CBD0 /* StylistListDTO.swift in Sources */ = {isa = PBXBuildFile; fileRef = 31C8BB311E04808B00D8CBD0 /* StylistListDTO.swift */; };
		31C8BB341E04811C00D8CBD0 /* StylistCommand.swift in Sources */ = {isa = PBXBuildFile; fileRef = 31C8BB331E04811C00D8CBD0 /* StylistCommand.swift */; };
		31C8BB371E04822600D8CBD0 /* StylistListViewController.swift in Sources */ = {isa = PBXBuildFile; fileRef = 31C8BB361E04822600D8CBD0 /* StylistListViewController.swift */; };
		31C8BB391E04848100D8CBD0 /* StylistListTableViewCell.swift in Sources */ = {isa = PBXBuildFile; fileRef = 31C8BB381E04848100D8CBD0 /* StylistListTableViewCell.swift */; };
		31CD44E61DB14AF8007A5E1C /* OutfitTableViewCell.swift in Sources */ = {isa = PBXBuildFile; fileRef = 31CD44E51DB14AF8007A5E1C /* OutfitTableViewCell.swift */; };
		31CD44E81DB14CD8007A5E1C /* View.swift in Sources */ = {isa = PBXBuildFile; fileRef = 31CD44E71DB14CD8007A5E1C /* View.swift */; };
		31CD44EA1DB161BF007A5E1C /* ProductDetailViewController.swift in Sources */ = {isa = PBXBuildFile; fileRef = 31CD44E91DB161BF007A5E1C /* ProductDetailViewController.swift */; };
		31CD44EC1DB161D9007A5E1C /* GradientImageView.swift in Sources */ = {isa = PBXBuildFile; fileRef = 31CD44EB1DB161D9007A5E1C /* GradientImageView.swift */; };
		31CD44EE1DB17338007A5E1C /* ProductInfo.swift in Sources */ = {isa = PBXBuildFile; fileRef = 31CD44ED1DB17338007A5E1C /* ProductInfo.swift */; };
		31E05E1E1DAEEADC007AE913 /* Serializable.swift in Sources */ = {isa = PBXBuildFile; fileRef = 31E05E1D1DAEEADC007AE913 /* Serializable.swift */; };
		31E05E211DAF50BB007AE913 /* ImageView.swift in Sources */ = {isa = PBXBuildFile; fileRef = 31E05E201DAF50BB007AE913 /* ImageView.swift */; };
		31E05E231DAF5227007AE913 /* UINavigationBar+SE.swift in Sources */ = {isa = PBXBuildFile; fileRef = 31E05E221DAF5227007AE913 /* UINavigationBar+SE.swift */; };
		31E05E271DAF5512007AE913 /* UIFont.swift in Sources */ = {isa = PBXBuildFile; fileRef = 31E05E261DAF5512007AE913 /* UIFont.swift */; };
		31E30E9D1DAECD5E007F4A5A /* Button.swift in Sources */ = {isa = PBXBuildFile; fileRef = 31E30E9C1DAECD5E007F4A5A /* Button.swift */; };
		31F5FB9C1DAE2BE300418D36 /* AppDelegate.swift in Sources */ = {isa = PBXBuildFile; fileRef = 31F5FB9B1DAE2BE300418D36 /* AppDelegate.swift */; };
		31F5FBB41DAE2BE300418D36 /* StylistEyeTests.swift in Sources */ = {isa = PBXBuildFile; fileRef = 31F5FBB31DAE2BE300418D36 /* StylistEyeTests.swift */; };
		31F5FBBF1DAE2BE300418D36 /* StylistEyeUITests.swift in Sources */ = {isa = PBXBuildFile; fileRef = 31F5FBBE1DAE2BE300418D36 /* StylistEyeUITests.swift */; };
		31FC67041DB3821E00ECC5A7 /* OutfitDetailViewController.swift in Sources */ = {isa = PBXBuildFile; fileRef = 31FC67031DB3821E00ECC5A7 /* OutfitDetailViewController.swift */; };
		31FC67061DB38D5300ECC5A7 /* OutfitDetailDTO.swift in Sources */ = {isa = PBXBuildFile; fileRef = 31FC67051DB38D5300ECC5A7 /* OutfitDetailDTO.swift */; };
		31FC67081DB38F1D00ECC5A7 /* OutfitDetailCommand.swift in Sources */ = {isa = PBXBuildFile; fileRef = 31FC67071DB38F1D00ECC5A7 /* OutfitDetailCommand.swift */; };
		31FC670A1DB3AB6C00ECC5A7 /* OutfitDetailTableViewCell.swift in Sources */ = {isa = PBXBuildFile; fileRef = 31FC67091DB3AB6C00ECC5A7 /* OutfitDetailTableViewCell.swift */; };
		31FC670C1DB3BEB300ECC5A7 /* MessageDetailViewController.swift in Sources */ = {isa = PBXBuildFile; fileRef = 31FC670B1DB3BEB300ECC5A7 /* MessageDetailViewController.swift */; };
		31FC670E1DB3BEF700ECC5A7 /* ScrollView.swift in Sources */ = {isa = PBXBuildFile; fileRef = 31FC670D1DB3BEF700ECC5A7 /* ScrollView.swift */; };
		31FE19431DB7DFE30087D095 /* GarmentTypeDTO.swift in Sources */ = {isa = PBXBuildFile; fileRef = 31FE19421DB7DFE30087D095 /* GarmentTypeDTO.swift */; };
		A820A98A1E9FA6E400ECE3F8 /* PaginationDTO.swift in Sources */ = {isa = PBXBuildFile; fileRef = A820A9891E9FA6E400ECE3F8 /* PaginationDTO.swift */; };
		A820A98C1E9FAF6800ECE3F8 /* UIScrollView+isAtBottom.swift in Sources */ = {isa = PBXBuildFile; fileRef = A820A98B1E9FAF6800ECE3F8 /* UIScrollView+isAtBottom.swift */; };
		A82F6DA41E964A0F0053B6D1 /* PhotoType.swift in Sources */ = {isa = PBXBuildFile; fileRef = A82F6DA31E964A0F0053B6D1 /* PhotoType.swift */; };
		A82F6DA61E964A380053B6D1 /* UploadOutfitPhotoCommand.swift in Sources */ = {isa = PBXBuildFile; fileRef = A82F6DA51E964A380053B6D1 /* UploadOutfitPhotoCommand.swift */; };
		A86AAF191EBB79240070B24D /* WardrobeCommand.swift in Sources */ = {isa = PBXBuildFile; fileRef = A86AAF181EBB79240070B24D /* WardrobeCommand.swift */; };
		A86AAF1B1EBB796B0070B24D /* WardrobeItemCommand.swift in Sources */ = {isa = PBXBuildFile; fileRef = A86AAF1A1EBB796B0070B24D /* WardrobeItemCommand.swift */; };
		A86AAF1D1EBB79FF0070B24D /* WardrobeDTO.swift in Sources */ = {isa = PBXBuildFile; fileRef = A86AAF1C1EBB79FF0070B24D /* WardrobeDTO.swift */; };
		A86AAF1F1EBB7ABE0070B24D /* ReviewDTO.swift in Sources */ = {isa = PBXBuildFile; fileRef = A86AAF1E1EBB7ABE0070B24D /* ReviewDTO.swift */; };
		A86CCF561EA649C0006D3245 /* PhotoDetailViewController.swift in Sources */ = {isa = PBXBuildFile; fileRef = A86CCF551EA649C0006D3245 /* PhotoDetailViewController.swift */; };
		A86CCF581EA693B9006D3245 /* DeleteOutfitPhotoCommand.swift in Sources */ = {isa = PBXBuildFile; fileRef = A86CCF571EA693B9006D3245 /* DeleteOutfitPhotoCommand.swift */; };
		A8C434E61E94E07100FF8832 /* UploadWardrobePhotoCommand.swift in Sources */ = {isa = PBXBuildFile; fileRef = A8C434E51E94E07100FF8832 /* UploadWardrobePhotoCommand.swift */; };
		A8C434E81E94E2A300FF8832 /* UIImage.swift in Sources */ = {isa = PBXBuildFile; fileRef = A8C434E71E94E2A300FF8832 /* UIImage.swift */; };
		A8F746571E8533E200FEDCD9 /* Languages.swift in Sources */ = {isa = PBXBuildFile; fileRef = A8F746561E8533E200FEDCD9 /* Languages.swift */; };
		A8F746591E85340500FEDCD9 /* DressStyleDTO.swift in Sources */ = {isa = PBXBuildFile; fileRef = A8F746581E85340500FEDCD9 /* DressStyleDTO.swift */; };
		A8F7465B1E8534CF00FEDCD9 /* DressStyleCommand.swift in Sources */ = {isa = PBXBuildFile; fileRef = A8F7465A1E8534CF00FEDCD9 /* DressStyleCommand.swift */; };
/* End PBXBuildFile section */

/* Begin PBXContainerItemProxy section */
		31F5FBB01DAE2BE300418D36 /* PBXContainerItemProxy */ = {
			isa = PBXContainerItemProxy;
			containerPortal = 31F5FB901DAE2BE300418D36 /* Project object */;
			proxyType = 1;
			remoteGlobalIDString = 31F5FB971DAE2BE300418D36;
			remoteInfo = StylistEye;
		};
		31F5FBBB1DAE2BE300418D36 /* PBXContainerItemProxy */ = {
			isa = PBXContainerItemProxy;
			containerPortal = 31F5FB901DAE2BE300418D36 /* Project object */;
			proxyType = 1;
			remoteGlobalIDString = 31F5FB971DAE2BE300418D36;
			remoteInfo = StylistEye;
		};
/* End PBXContainerItemProxy section */

/* Begin PBXFileReference section */
		3102869E1DAFA41A007EE87B /* MainTabBarController.swift */ = {isa = PBXFileReference; fileEncoding = 4; lastKnownFileType = sourcecode.swift; name = MainTabBarController.swift; path = ../Main/MainTabBarController.swift; sourceTree = "<group>"; };
		310286A01DAFA49B007EE87B /* AbstractTabBarViewController.swift */ = {isa = PBXFileReference; fileEncoding = 4; lastKnownFileType = sourcecode.swift; path = AbstractTabBarViewController.swift; sourceTree = "<group>"; };
		310286A21DAFA4C7007EE87B /* UIViewController+SE.swift */ = {isa = PBXFileReference; fileEncoding = 4; lastKnownFileType = sourcecode.swift; path = "UIViewController+SE.swift"; sourceTree = "<group>"; };
		310286A51DAFA54A007EE87B /* OutfitViewController.swift */ = {isa = PBXFileReference; fileEncoding = 4; indentWidth = 4; lastKnownFileType = sourcecode.swift; path = OutfitViewController.swift; sourceTree = "<group>"; tabWidth = 4; };
		310286A71DAFA569007EE87B /* QuestionnaireViewController.swift */ = {isa = PBXFileReference; fileEncoding = 4; lastKnownFileType = sourcecode.swift; path = QuestionnaireViewController.swift; sourceTree = "<group>"; };
		310286A91DAFA574007EE87B /* WardrobeViewController.swift */ = {isa = PBXFileReference; fileEncoding = 4; indentWidth = 4; lastKnownFileType = sourcecode.swift; path = WardrobeViewController.swift; sourceTree = "<group>"; tabWidth = 4; };
		310286AC1DAFA716007EE87B /* Main.strings */ = {isa = PBXFileReference; fileEncoding = 4; lastKnownFileType = text.plist.strings; path = Main.strings; sourceTree = "<group>"; };
		310919711DAE81170083A2C8 /* LoginCommand.swift */ = {isa = PBXFileReference; fileEncoding = 4; lastKnownFileType = sourcecode.swift; path = LoginCommand.swift; sourceTree = "<group>"; };
		310919741DAE823E0083A2C8 /* EmptyDTO.swift */ = {isa = PBXFileReference; fileEncoding = 4; lastKnownFileType = sourcecode.swift; path = EmptyDTO.swift; sourceTree = "<group>"; };
		310919771DAE83240083A2C8 /* Configuration.swift */ = {isa = PBXFileReference; fileEncoding = 4; lastKnownFileType = sourcecode.swift; path = Configuration.swift; sourceTree = "<group>"; };
		310919791DAE850E0083A2C8 /* UserDTO.swift */ = {isa = PBXFileReference; fileEncoding = 4; lastKnownFileType = sourcecode.swift; path = UserDTO.swift; sourceTree = "<group>"; };
		3109197B1DAE860B0083A2C8 /* String+SE.swift */ = {isa = PBXFileReference; fileEncoding = 4; indentWidth = 4; lastKnownFileType = sourcecode.swift; path = "String+SE.swift"; sourceTree = "<group>"; tabWidth = 4; };
		3109197D1DAE87570083A2C8 /* ObjectResponse.swift */ = {isa = PBXFileReference; fileEncoding = 4; indentWidth = 4; lastKnownFileType = sourcecode.swift; path = ObjectResponse.swift; sourceTree = "<group>"; tabWidth = 4; };
		310919801DAE8DA30083A2C8 /* TextField.swift */ = {isa = PBXFileReference; fileEncoding = 4; lastKnownFileType = sourcecode.swift; path = TextField.swift; sourceTree = "<group>"; };
		310919821DAE8FF80083A2C8 /* UIColor+SE.swift */ = {isa = PBXFileReference; fileEncoding = 4; lastKnownFileType = sourcecode.swift; path = "UIColor+SE.swift"; sourceTree = "<group>"; };
		310919841DAE91970083A2C8 /* Keychain.swift */ = {isa = PBXFileReference; fileEncoding = 4; lastKnownFileType = sourcecode.swift; path = Keychain.swift; sourceTree = "<group>"; };
		310919861DAE94AE0083A2C8 /* KeychainKeys.swift */ = {isa = PBXFileReference; fileEncoding = 4; lastKnownFileType = sourcecode.swift; path = KeychainKeys.swift; sourceTree = "<group>"; };
		310919891DAE99280083A2C8 /* AccessToken.swift */ = {isa = PBXFileReference; fileEncoding = 4; lastKnownFileType = sourcecode.swift; path = AccessToken.swift; sourceTree = "<group>"; };
		3109198B1DAE9B2C0083A2C8 /* AccountSession.swift */ = {isa = PBXFileReference; fileEncoding = 4; lastKnownFileType = sourcecode.swift; path = AccountSession.swift; sourceTree = "<group>"; };
		3109198D1DAE9BB80083A2C8 /* UserInfo.swift */ = {isa = PBXFileReference; fileEncoding = 4; lastKnownFileType = sourcecode.swift; path = UserInfo.swift; sourceTree = "<group>"; };
		3109198F1DAE9D830083A2C8 /* AccountSessionManager.swift */ = {isa = PBXFileReference; fileEncoding = 4; lastKnownFileType = sourcecode.swift; path = AccountSessionManager.swift; sourceTree = "<group>"; };
		310919911DAE9FDB0083A2C8 /* UserDefaults.swift */ = {isa = PBXFileReference; fileEncoding = 4; lastKnownFileType = sourcecode.swift; path = UserDefaults.swift; sourceTree = "<group>"; };
		310919931DAE9FF60083A2C8 /* Typealiases.swift */ = {isa = PBXFileReference; fileEncoding = 4; lastKnownFileType = sourcecode.swift; path = Typealiases.swift; sourceTree = "<group>"; };
		310919951DAEA0260083A2C8 /* UserDefaultKeys.swift */ = {isa = PBXFileReference; fileEncoding = 4; lastKnownFileType = sourcecode.swift; path = UserDefaultKeys.swift; sourceTree = "<group>"; };
		310919971DAEA0790083A2C8 /* KeyRepresentable.swift */ = {isa = PBXFileReference; fileEncoding = 4; lastKnownFileType = sourcecode.swift; path = KeyRepresentable.swift; sourceTree = "<group>"; };
		310919991DAEA92A0083A2C8 /* NetworkResponse.swift */ = {isa = PBXFileReference; fileEncoding = 4; lastKnownFileType = sourcecode.swift; path = NetworkResponse.swift; sourceTree = "<group>"; };
		311D1F031DAE461D00A7F545 /* Media.xcassets */ = {isa = PBXFileReference; lastKnownFileType = folder.assetcatalog; path = Media.xcassets; sourceTree = "<group>"; };
		311D1F0A1DAE464E00A7F545 /* Base */ = {isa = PBXFileReference; lastKnownFileType = text.plist.strings; name = Base; path = Base.lproj/Login.strings; sourceTree = "<group>"; };
		311D1F111DAE4AE900A7F545 /* Initializable.swift */ = {isa = PBXFileReference; fileEncoding = 4; lastKnownFileType = sourcecode.swift; name = Initializable.swift; path = "../Public protocols/Initializable.swift"; sourceTree = "<group>"; };
		311D1F131DAE4B3000A7F545 /* AbstractViewController.swift */ = {isa = PBXFileReference; fileEncoding = 4; indentWidth = 4; lastKnownFileType = sourcecode.swift; path = AbstractViewController.swift; sourceTree = "<group>"; tabWidth = 4; };
		311D1F161DAE4B4B00A7F545 /* UIView+SE.swift */ = {isa = PBXFileReference; fileEncoding = 4; lastKnownFileType = sourcecode.swift; path = "UIView+SE.swift"; sourceTree = "<group>"; };
		311D1F191DAE4C7F00A7F545 /* APIUrlManager.swift */ = {isa = PBXFileReference; fileEncoding = 4; indentWidth = 4; lastKnownFileType = sourcecode.swift; path = APIUrlManager.swift; sourceTree = "<group>"; tabWidth = 4; };
		311D1F1C1DAE4C9500A7F545 /* NetworkExecutable.swift */ = {isa = PBXFileReference; fileEncoding = 4; lastKnownFileType = sourcecode.swift; path = NetworkExecutable.swift; sourceTree = "<group>"; };
		311D1F1E1DAE4E4500A7F545 /* LoginViewController.swift */ = {isa = PBXFileReference; fileEncoding = 4; indentWidth = 4; lastKnownFileType = sourcecode.swift; path = LoginViewController.swift; sourceTree = "<group>"; tabWidth = 4; };
		312F04A71E47722700252D22 /* SendMessageCommand.swift */ = {isa = PBXFileReference; fileEncoding = 4; lastKnownFileType = sourcecode.swift; path = SendMessageCommand.swift; sourceTree = "<group>"; };
		31400F061DB53E0600A088A0 /* AboutViewController.swift */ = {isa = PBXFileReference; fileEncoding = 4; lastKnownFileType = sourcecode.swift; path = AboutViewController.swift; sourceTree = "<group>"; };
		31400F081DB53E1700A088A0 /* NoteViewController.swift */ = {isa = PBXFileReference; fileEncoding = 4; lastKnownFileType = sourcecode.swift; path = NoteViewController.swift; sourceTree = "<group>"; };
		31400F0A1DB53E2A00A088A0 /* PrivacyViewController.swift */ = {isa = PBXFileReference; fileEncoding = 4; lastKnownFileType = sourcecode.swift; path = PrivacyViewController.swift; sourceTree = "<group>"; };
		31400F0C1DB53F2800A088A0 /* QuestionnaireDetailViewController.swift */ = {isa = PBXFileReference; fileEncoding = 4; lastKnownFileType = sourcecode.swift; path = QuestionnaireDetailViewController.swift; sourceTree = "<group>"; };
		31400F121DB54A7800A088A0 /* QuestionnaireTableViewCell.swift */ = {isa = PBXFileReference; fileEncoding = 4; lastKnownFileType = sourcecode.swift; path = QuestionnaireTableViewCell.swift; sourceTree = "<group>"; };
		314280DA1DF7ED21003C454A /* AuthorDTO.swift */ = {isa = PBXFileReference; fileEncoding = 4; lastKnownFileType = sourcecode.swift; path = AuthorDTO.swift; sourceTree = "<group>"; };
		31508DCE1DB3C73200D26F53 /* CameraViewController.swift */ = {isa = PBXFileReference; fileEncoding = 4; indentWidth = 4; lastKnownFileType = sourcecode.swift; path = CameraViewController.swift; sourceTree = "<group>"; tabWidth = 4; };
		31508DD01DB3D0F700D26F53 /* CaptureImageViewController.swift */ = {isa = PBXFileReference; fileEncoding = 4; indentWidth = 4; lastKnownFileType = sourcecode.swift; path = CaptureImageViewController.swift; sourceTree = "<group>"; tabWidth = 4; };
		31582A231DBCB86E009D7139 /* FilterBox.swift */ = {isa = PBXFileReference; fileEncoding = 4; lastKnownFileType = sourcecode.swift; path = FilterBox.swift; sourceTree = "<group>"; };
		31582A271DBCC370009D7139 /* FilterMenu.swift */ = {isa = PBXFileReference; fileEncoding = 4; lastKnownFileType = sourcecode.swift; path = FilterMenu.swift; sourceTree = "<group>"; };
		3161C2B71E01D267007DC0FB /* PhotosDTO.swift */ = {isa = PBXFileReference; fileEncoding = 4; indentWidth = 4; lastKnownFileType = sourcecode.swift; path = PhotosDTO.swift; sourceTree = "<group>"; tabWidth = 4; };
		3161C2B91E01D2BF007DC0FB /* StylistDTO.swift */ = {isa = PBXFileReference; fileEncoding = 4; indentWidth = 4; lastKnownFileType = sourcecode.swift; path = StylistDTO.swift; sourceTree = "<group>"; tabWidth = 4; };
		3161C2BB1E01D2F6007DC0FB /* AddressDTO.swift */ = {isa = PBXFileReference; fileEncoding = 4; lastKnownFileType = sourcecode.swift; path = AddressDTO.swift; sourceTree = "<group>"; };
		3161C2BD1E01D474007DC0FB /* ComponentsDTO.swift */ = {isa = PBXFileReference; fileEncoding = 4; lastKnownFileType = sourcecode.swift; path = ComponentsDTO.swift; sourceTree = "<group>"; };
		3163A7D31DBA32DC00D009BB /* Optional.swift */ = {isa = PBXFileReference; fileEncoding = 4; lastKnownFileType = sourcecode.swift; path = Optional.swift; sourceTree = "<group>"; };
		316F69321E24160100EC0972 /* GarmentTypeCommand.swift */ = {isa = PBXFileReference; fileEncoding = 4; lastKnownFileType = sourcecode.swift; path = GarmentTypeCommand.swift; sourceTree = "<group>"; };
		3175F4E11E05614C001C89C6 /* OutfitCategoryDTO.swift */ = {isa = PBXFileReference; fileEncoding = 4; lastKnownFileType = sourcecode.swift; path = OutfitCategoryDTO.swift; sourceTree = "<group>"; };
		3175F4E31E05621D001C89C6 /* OutfitCategoryCommand.swift */ = {isa = PBXFileReference; fileEncoding = 4; lastKnownFileType = sourcecode.swift; path = OutfitCategoryCommand.swift; sourceTree = "<group>"; };
		3175F4E51E05638D001C89C6 /* OutfitCategoryViewController.swift */ = {isa = PBXFileReference; fileEncoding = 4; indentWidth = 4; lastKnownFileType = sourcecode.swift; path = OutfitCategoryViewController.swift; sourceTree = "<group>"; tabWidth = 4; };
		317D60F01DB0A38D0044D46B /* AbstractTableViewCell.swift */ = {isa = PBXFileReference; fileEncoding = 4; lastKnownFileType = sourcecode.swift; path = AbstractTableViewCell.swift; sourceTree = "<group>"; };
		317D60F21DB0A4230044D46B /* TableViewCellWithImage.swift */ = {isa = PBXFileReference; fileEncoding = 4; indentWidth = 4; lastKnownFileType = sourcecode.swift; path = TableViewCellWithImage.swift; sourceTree = "<group>"; tabWidth = 4; };
		317D60F41DB0ADD50044D46B /* LanguagesViewController.swift */ = {isa = PBXFileReference; fileEncoding = 4; lastKnownFileType = sourcecode.swift; path = LanguagesViewController.swift; sourceTree = "<group>"; };
		317D60F61DB0AFC30044D46B /* Settings.strings */ = {isa = PBXFileReference; fileEncoding = 4; lastKnownFileType = text.plist.strings; path = Settings.strings; sourceTree = "<group>"; };
		317F6CF51DB2C61100DE0679 /* OutfitsDTO.swift */ = {isa = PBXFileReference; fileEncoding = 4; lastKnownFileType = sourcecode.swift; path = OutfitsDTO.swift; sourceTree = "<group>"; };
		317F6CF71DB2C6D600DE0679 /* OutfitsCommand.swift */ = {isa = PBXFileReference; fileEncoding = 4; lastKnownFileType = sourcecode.swift; path = OutfitsCommand.swift; sourceTree = "<group>"; };
		31818E4C1DAFEB87004883D2 /* SettingsItem.swift */ = {isa = PBXFileReference; fileEncoding = 4; lastKnownFileType = sourcecode.swift; path = SettingsItem.swift; sourceTree = "<group>"; };
		31818E4E1DAFEBF7004883D2 /* SettingsViewController.swift */ = {isa = PBXFileReference; fileEncoding = 4; lastKnownFileType = sourcecode.swift; path = SettingsViewController.swift; sourceTree = "<group>"; };
		31818E501DAFF003004883D2 /* TableView.swift */ = {isa = PBXFileReference; fileEncoding = 4; lastKnownFileType = sourcecode.swift; path = TableView.swift; sourceTree = "<group>"; };
		31818E521DAFF0D5004883D2 /* UITableView+SE.swift */ = {isa = PBXFileReference; fileEncoding = 4; lastKnownFileType = sourcecode.swift; path = "UITableView+SE.swift"; sourceTree = "<group>"; };
		31818E541DAFF10E004883D2 /* Reusable.swift */ = {isa = PBXFileReference; fileEncoding = 4; lastKnownFileType = sourcecode.swift; path = Reusable.swift; sourceTree = "<group>"; };
		31818E561DAFF265004883D2 /* UITabeViewCell+SE.swift */ = {isa = PBXFileReference; fileEncoding = 4; lastKnownFileType = sourcecode.swift; path = "UITabeViewCell+SE.swift"; sourceTree = "<group>"; };
		31818E591DB00295004883D2 /* LogoutCommand.swift */ = {isa = PBXFileReference; fileEncoding = 4; lastKnownFileType = sourcecode.swift; path = LogoutCommand.swift; sourceTree = "<group>"; };
		31818E5C1DB007FB004883D2 /* Avenir.ttc */ = {isa = PBXFileReference; lastKnownFileType = file; path = Avenir.ttc; sourceTree = "<group>"; };
		31818E5D1DB00805004883D2 /* SanFranciscoText-Bold.otf */ = {isa = PBXFileReference; lastKnownFileType = file; path = "SanFranciscoText-Bold.otf"; sourceTree = "<group>"; };
		31818E5E1DB00805004883D2 /* SanFranciscoText-BoldItalic.otf */ = {isa = PBXFileReference; lastKnownFileType = file; path = "SanFranciscoText-BoldItalic.otf"; sourceTree = "<group>"; };
		31818E5F1DB00805004883D2 /* SanFranciscoText-Heavy.otf */ = {isa = PBXFileReference; lastKnownFileType = file; path = "SanFranciscoText-Heavy.otf"; sourceTree = "<group>"; };
		31818E601DB00805004883D2 /* SanFranciscoText-HeavyItalic.otf */ = {isa = PBXFileReference; lastKnownFileType = file; path = "SanFranciscoText-HeavyItalic.otf"; sourceTree = "<group>"; };
		31818E611DB00805004883D2 /* SanFranciscoText-Light.otf */ = {isa = PBXFileReference; lastKnownFileType = file; path = "SanFranciscoText-Light.otf"; sourceTree = "<group>"; };
		31818E621DB00805004883D2 /* SanFranciscoText-LightItalic.otf */ = {isa = PBXFileReference; lastKnownFileType = file; path = "SanFranciscoText-LightItalic.otf"; sourceTree = "<group>"; };
		31818E631DB00805004883D2 /* SanFranciscoText-Medium.otf */ = {isa = PBXFileReference; lastKnownFileType = file; path = "SanFranciscoText-Medium.otf"; sourceTree = "<group>"; };
		31818E641DB00805004883D2 /* SanFranciscoText-MediumItalic.otf */ = {isa = PBXFileReference; lastKnownFileType = file; path = "SanFranciscoText-MediumItalic.otf"; sourceTree = "<group>"; };
		31818E651DB00805004883D2 /* SanFranciscoText-Regular.otf */ = {isa = PBXFileReference; lastKnownFileType = file; path = "SanFranciscoText-Regular.otf"; sourceTree = "<group>"; };
		31818E661DB00805004883D2 /* SanFranciscoText-RegularItalic.otf */ = {isa = PBXFileReference; lastKnownFileType = file; path = "SanFranciscoText-RegularItalic.otf"; sourceTree = "<group>"; };
		31818E671DB00805004883D2 /* SanFranciscoText-Semibold.otf */ = {isa = PBXFileReference; lastKnownFileType = file; path = "SanFranciscoText-Semibold.otf"; sourceTree = "<group>"; };
		31818E681DB00805004883D2 /* SanFranciscoText-SemiboldItalic.otf */ = {isa = PBXFileReference; lastKnownFileType = file; path = "SanFranciscoText-SemiboldItalic.otf"; sourceTree = "<group>"; };
		31818E721DB00BAC004883D2 /* Label.swift */ = {isa = PBXFileReference; fileEncoding = 4; lastKnownFileType = sourcecode.swift; path = Label.swift; sourceTree = "<group>"; };
		318901DF1DBBBA020027566A /* CurrentLanguageChecker.swift */ = {isa = PBXFileReference; fileEncoding = 4; lastKnownFileType = sourcecode.swift; path = CurrentLanguageChecker.swift; sourceTree = "<group>"; };
		31897D941DAF6B8D00BFFED0 /* Launch Screen.storyboard */ = {isa = PBXFileReference; fileEncoding = 4; lastKnownFileType = file.storyboard; path = "Launch Screen.storyboard"; sourceTree = "<group>"; };
		318FD7721E472A16008EEA23 /* UpdateMessageStatusCommand.swift */ = {isa = PBXFileReference; fileEncoding = 4; lastKnownFileType = sourcecode.swift; path = UpdateMessageStatusCommand.swift; sourceTree = "<group>"; };
		3197B6581DB236C30096EF16 /* MessagesTableViewCell.swift */ = {isa = PBXFileReference; fileEncoding = 4; lastKnownFileType = sourcecode.swift; path = MessagesTableViewCell.swift; sourceTree = "<group>"; };
		3197B65A1DB23B7E0096EF16 /* MessagesViewController.swift */ = {isa = PBXFileReference; fileEncoding = 4; indentWidth = 4; lastKnownFileType = sourcecode.swift; path = MessagesViewController.swift; sourceTree = "<group>"; tabWidth = 4; };
		3197B65C1DB288250096EF16 /* WardrobeFeedViewController.swift */ = {isa = PBXFileReference; fileEncoding = 4; indentWidth = 4; lastKnownFileType = sourcecode.swift; path = WardrobeFeedViewController.swift; sourceTree = "<group>"; tabWidth = 4; };
		3197B65E1DB28DA20096EF16 /* MessagesDTO.swift */ = {isa = PBXFileReference; fileEncoding = 4; lastKnownFileType = sourcecode.swift; path = MessagesDTO.swift; sourceTree = "<group>"; };
		3197B6601DB28E4C0096EF16 /* MessagesCommand.swift */ = {isa = PBXFileReference; fileEncoding = 4; lastKnownFileType = sourcecode.swift; path = MessagesCommand.swift; sourceTree = "<group>"; };
		31A2526F1E06C7980090EFD8 /* MessageDetailCommand.swift */ = {isa = PBXFileReference; fileEncoding = 4; lastKnownFileType = sourcecode.swift; path = MessageDetailCommand.swift; sourceTree = "<group>"; };
		31A252711E06E04B0090EFD8 /* TimeHelper.swift */ = {isa = PBXFileReference; fileEncoding = 4; lastKnownFileType = sourcecode.swift; path = TimeHelper.swift; sourceTree = "<group>"; };
		31A252731E06E0EB0090EFD8 /* DatetimeTransform.swift */ = {isa = PBXFileReference; fileEncoding = 4; lastKnownFileType = sourcecode.swift; path = DatetimeTransform.swift; sourceTree = "<group>"; };
		31B9F35F1DB17C740049F08E /* Array.swift */ = {isa = PBXFileReference; fileEncoding = 4; lastKnownFileType = sourcecode.swift; path = Array.swift; sourceTree = "<group>"; };
		31C8BB311E04808B00D8CBD0 /* StylistListDTO.swift */ = {isa = PBXFileReference; fileEncoding = 4; lastKnownFileType = sourcecode.swift; path = StylistListDTO.swift; sourceTree = "<group>"; };
		31C8BB331E04811C00D8CBD0 /* StylistCommand.swift */ = {isa = PBXFileReference; fileEncoding = 4; lastKnownFileType = sourcecode.swift; path = StylistCommand.swift; sourceTree = "<group>"; };
		31C8BB361E04822600D8CBD0 /* StylistListViewController.swift */ = {isa = PBXFileReference; fileEncoding = 4; lastKnownFileType = sourcecode.swift; path = StylistListViewController.swift; sourceTree = "<group>"; };
		31C8BB381E04848100D8CBD0 /* StylistListTableViewCell.swift */ = {isa = PBXFileReference; fileEncoding = 4; lastKnownFileType = sourcecode.swift; path = StylistListTableViewCell.swift; sourceTree = "<group>"; };
		31CD44E51DB14AF8007A5E1C /* OutfitTableViewCell.swift */ = {isa = PBXFileReference; fileEncoding = 4; indentWidth = 4; lastKnownFileType = sourcecode.swift; path = OutfitTableViewCell.swift; sourceTree = "<group>"; tabWidth = 4; };
		31CD44E71DB14CD8007A5E1C /* View.swift */ = {isa = PBXFileReference; fileEncoding = 4; lastKnownFileType = sourcecode.swift; path = View.swift; sourceTree = "<group>"; };
		31CD44E91DB161BF007A5E1C /* ProductDetailViewController.swift */ = {isa = PBXFileReference; fileEncoding = 4; lastKnownFileType = sourcecode.swift; path = ProductDetailViewController.swift; sourceTree = "<group>"; };
		31CD44EB1DB161D9007A5E1C /* GradientImageView.swift */ = {isa = PBXFileReference; fileEncoding = 4; lastKnownFileType = sourcecode.swift; path = GradientImageView.swift; sourceTree = "<group>"; };
		31CD44ED1DB17338007A5E1C /* ProductInfo.swift */ = {isa = PBXFileReference; fileEncoding = 4; lastKnownFileType = sourcecode.swift; path = ProductInfo.swift; sourceTree = "<group>"; };
		31E05E1D1DAEEADC007AE913 /* Serializable.swift */ = {isa = PBXFileReference; fileEncoding = 4; lastKnownFileType = sourcecode.swift; path = Serializable.swift; sourceTree = "<group>"; };
		31E05E201DAF50BB007AE913 /* ImageView.swift */ = {isa = PBXFileReference; fileEncoding = 4; lastKnownFileType = sourcecode.swift; path = ImageView.swift; sourceTree = "<group>"; };
		31E05E221DAF5227007AE913 /* UINavigationBar+SE.swift */ = {isa = PBXFileReference; fileEncoding = 4; lastKnownFileType = sourcecode.swift; path = "UINavigationBar+SE.swift"; sourceTree = "<group>"; };
		31E05E241DAF53CB007AE913 /* StylistEye.entitlements */ = {isa = PBXFileReference; lastKnownFileType = text.plist.entitlements; path = StylistEye.entitlements; sourceTree = "<group>"; };
		31E05E261DAF5512007AE913 /* UIFont.swift */ = {isa = PBXFileReference; fileEncoding = 4; lastKnownFileType = sourcecode.swift; path = UIFont.swift; sourceTree = "<group>"; };
		31E30E9C1DAECD5E007F4A5A /* Button.swift */ = {isa = PBXFileReference; fileEncoding = 4; lastKnownFileType = sourcecode.swift; path = Button.swift; sourceTree = "<group>"; };
		31F5FB981DAE2BE300418D36 /* StylistEye.app */ = {isa = PBXFileReference; explicitFileType = wrapper.application; includeInIndex = 0; path = StylistEye.app; sourceTree = BUILT_PRODUCTS_DIR; };
		31F5FB9B1DAE2BE300418D36 /* AppDelegate.swift */ = {isa = PBXFileReference; lastKnownFileType = sourcecode.swift; path = AppDelegate.swift; sourceTree = "<group>"; };
		31F5FBAA1DAE2BE300418D36 /* Info.plist */ = {isa = PBXFileReference; lastKnownFileType = text.plist.xml; path = Info.plist; sourceTree = "<group>"; };
		31F5FBAF1DAE2BE300418D36 /* StylistEyeTests.xctest */ = {isa = PBXFileReference; explicitFileType = wrapper.cfbundle; includeInIndex = 0; path = StylistEyeTests.xctest; sourceTree = BUILT_PRODUCTS_DIR; };
		31F5FBB31DAE2BE300418D36 /* StylistEyeTests.swift */ = {isa = PBXFileReference; lastKnownFileType = sourcecode.swift; path = StylistEyeTests.swift; sourceTree = "<group>"; };
		31F5FBB51DAE2BE300418D36 /* Info.plist */ = {isa = PBXFileReference; lastKnownFileType = text.plist.xml; path = Info.plist; sourceTree = "<group>"; };
		31F5FBBA1DAE2BE300418D36 /* StylistEyeUITests.xctest */ = {isa = PBXFileReference; explicitFileType = wrapper.cfbundle; includeInIndex = 0; path = StylistEyeUITests.xctest; sourceTree = BUILT_PRODUCTS_DIR; };
		31F5FBBE1DAE2BE300418D36 /* StylistEyeUITests.swift */ = {isa = PBXFileReference; lastKnownFileType = sourcecode.swift; path = StylistEyeUITests.swift; sourceTree = "<group>"; };
		31F5FBC01DAE2BE300418D36 /* Info.plist */ = {isa = PBXFileReference; lastKnownFileType = text.plist.xml; path = Info.plist; sourceTree = "<group>"; };
		31FC67031DB3821E00ECC5A7 /* OutfitDetailViewController.swift */ = {isa = PBXFileReference; fileEncoding = 4; indentWidth = 4; lastKnownFileType = sourcecode.swift; path = OutfitDetailViewController.swift; sourceTree = "<group>"; tabWidth = 4; };
		31FC67051DB38D5300ECC5A7 /* OutfitDetailDTO.swift */ = {isa = PBXFileReference; fileEncoding = 4; lastKnownFileType = sourcecode.swift; path = OutfitDetailDTO.swift; sourceTree = "<group>"; };
		31FC67071DB38F1D00ECC5A7 /* OutfitDetailCommand.swift */ = {isa = PBXFileReference; fileEncoding = 4; lastKnownFileType = sourcecode.swift; path = OutfitDetailCommand.swift; sourceTree = "<group>"; };
		31FC67091DB3AB6C00ECC5A7 /* OutfitDetailTableViewCell.swift */ = {isa = PBXFileReference; fileEncoding = 4; indentWidth = 4; lastKnownFileType = sourcecode.swift; path = OutfitDetailTableViewCell.swift; sourceTree = "<group>"; tabWidth = 4; };
		31FC670B1DB3BEB300ECC5A7 /* MessageDetailViewController.swift */ = {isa = PBXFileReference; fileEncoding = 4; indentWidth = 4; lastKnownFileType = sourcecode.swift; path = MessageDetailViewController.swift; sourceTree = "<group>"; tabWidth = 4; };
		31FC670D1DB3BEF700ECC5A7 /* ScrollView.swift */ = {isa = PBXFileReference; fileEncoding = 4; lastKnownFileType = sourcecode.swift; name = ScrollView.swift; path = ../Cells/ScrollView.swift; sourceTree = "<group>"; };
		31FE19421DB7DFE30087D095 /* GarmentTypeDTO.swift */ = {isa = PBXFileReference; fileEncoding = 4; lastKnownFileType = sourcecode.swift; path = GarmentTypeDTO.swift; sourceTree = "<group>"; };
		A820A9891E9FA6E400ECE3F8 /* PaginationDTO.swift */ = {isa = PBXFileReference; fileEncoding = 4; lastKnownFileType = sourcecode.swift; path = PaginationDTO.swift; sourceTree = "<group>"; };
		A820A98B1E9FAF6800ECE3F8 /* UIScrollView+isAtBottom.swift */ = {isa = PBXFileReference; fileEncoding = 4; lastKnownFileType = sourcecode.swift; path = "UIScrollView+isAtBottom.swift"; sourceTree = "<group>"; };
		A82F6DA31E964A0F0053B6D1 /* PhotoType.swift */ = {isa = PBXFileReference; fileEncoding = 4; lastKnownFileType = sourcecode.swift; path = PhotoType.swift; sourceTree = "<group>"; };
		A82F6DA51E964A380053B6D1 /* UploadOutfitPhotoCommand.swift */ = {isa = PBXFileReference; fileEncoding = 4; lastKnownFileType = sourcecode.swift; path = UploadOutfitPhotoCommand.swift; sourceTree = "<group>"; };
		A86AAF181EBB79240070B24D /* WardrobeCommand.swift */ = {isa = PBXFileReference; fileEncoding = 4; lastKnownFileType = sourcecode.swift; path = WardrobeCommand.swift; sourceTree = "<group>"; };
		A86AAF1A1EBB796B0070B24D /* WardrobeItemCommand.swift */ = {isa = PBXFileReference; fileEncoding = 4; lastKnownFileType = sourcecode.swift; path = WardrobeItemCommand.swift; sourceTree = "<group>"; };
		A86AAF1C1EBB79FF0070B24D /* WardrobeDTO.swift */ = {isa = PBXFileReference; fileEncoding = 4; lastKnownFileType = sourcecode.swift; path = WardrobeDTO.swift; sourceTree = "<group>"; };
		A86AAF1E1EBB7ABE0070B24D /* ReviewDTO.swift */ = {isa = PBXFileReference; fileEncoding = 4; lastKnownFileType = sourcecode.swift; path = ReviewDTO.swift; sourceTree = "<group>"; };
		A86CCF551EA649C0006D3245 /* PhotoDetailViewController.swift */ = {isa = PBXFileReference; fileEncoding = 4; indentWidth = 4; lastKnownFileType = sourcecode.swift; path = PhotoDetailViewController.swift; sourceTree = "<group>"; tabWidth = 4; };
		A86CCF571EA693B9006D3245 /* DeleteOutfitPhotoCommand.swift */ = {isa = PBXFileReference; fileEncoding = 4; lastKnownFileType = sourcecode.swift; path = DeleteOutfitPhotoCommand.swift; sourceTree = "<group>"; };
		A8C434E51E94E07100FF8832 /* UploadWardrobePhotoCommand.swift */ = {isa = PBXFileReference; fileEncoding = 4; lastKnownFileType = sourcecode.swift; path = UploadWardrobePhotoCommand.swift; sourceTree = "<group>"; };
		A8C434E71E94E2A300FF8832 /* UIImage.swift */ = {isa = PBXFileReference; fileEncoding = 4; lastKnownFileType = sourcecode.swift; path = UIImage.swift; sourceTree = "<group>"; };
		A8F746561E8533E200FEDCD9 /* Languages.swift */ = {isa = PBXFileReference; fileEncoding = 4; lastKnownFileType = sourcecode.swift; path = Languages.swift; sourceTree = "<group>"; };
		A8F746581E85340500FEDCD9 /* DressStyleDTO.swift */ = {isa = PBXFileReference; fileEncoding = 4; lastKnownFileType = sourcecode.swift; path = DressStyleDTO.swift; sourceTree = "<group>"; };
		A8F7465A1E8534CF00FEDCD9 /* DressStyleCommand.swift */ = {isa = PBXFileReference; fileEncoding = 4; lastKnownFileType = sourcecode.swift; path = DressStyleCommand.swift; sourceTree = "<group>"; };
		B11FB7410EB3E97B7902E759 /* Pods_StylistEye.framework */ = {isa = PBXFileReference; explicitFileType = wrapper.framework; includeInIndex = 0; path = Pods_StylistEye.framework; sourceTree = BUILT_PRODUCTS_DIR; };
		B3CA3A0A26CA10F0E2AD5B3D /* Pods-StylistEye.release.xcconfig */ = {isa = PBXFileReference; includeInIndex = 1; lastKnownFileType = text.xcconfig; name = "Pods-StylistEye.release.xcconfig"; path = "Pods/Target Support Files/Pods-StylistEye/Pods-StylistEye.release.xcconfig"; sourceTree = "<group>"; };
		C8E134B3C3EF262318421358 /* Pods-StylistEye.debug.xcconfig */ = {isa = PBXFileReference; includeInIndex = 1; lastKnownFileType = text.xcconfig; name = "Pods-StylistEye.debug.xcconfig"; path = "Pods/Target Support Files/Pods-StylistEye/Pods-StylistEye.debug.xcconfig"; sourceTree = "<group>"; };
/* End PBXFileReference section */

/* Begin PBXFrameworksBuildPhase section */
		31F5FB951DAE2BE300418D36 /* Frameworks */ = {
			isa = PBXFrameworksBuildPhase;
			buildActionMask = 2147483647;
			files = (
				0CBFBEEBBA70B08AB0AAB582 /* Pods_StylistEye.framework in Frameworks */,
			);
			runOnlyForDeploymentPostprocessing = 0;
		};
		31F5FBAC1DAE2BE300418D36 /* Frameworks */ = {
			isa = PBXFrameworksBuildPhase;
			buildActionMask = 2147483647;
			files = (
			);
			runOnlyForDeploymentPostprocessing = 0;
		};
		31F5FBB71DAE2BE300418D36 /* Frameworks */ = {
			isa = PBXFrameworksBuildPhase;
			buildActionMask = 2147483647;
			files = (
			);
			runOnlyForDeploymentPostprocessing = 0;
		};
/* End PBXFrameworksBuildPhase section */

/* Begin PBXGroup section */
		11743C1EAA014DE4CB5C8EC1 /* Pods */ = {
			isa = PBXGroup;
			children = (
				C8E134B3C3EF262318421358 /* Pods-StylistEye.debug.xcconfig */,
				B3CA3A0A26CA10F0E2AD5B3D /* Pods-StylistEye.release.xcconfig */,
			);
			name = Pods;
			sourceTree = "<group>";
		};
		2FCE7EF81D47C8B374200615 /* Frameworks */ = {
			isa = PBXGroup;
			children = (
				B11FB7410EB3E97B7902E759 /* Pods_StylistEye.framework */,
			);
			name = Frameworks;
			sourceTree = "<group>";
		};
		310919731DAE821E0083A2C8 /* Network */ = {
			isa = PBXGroup;
			children = (
				3161C2BB1E01D2F6007DC0FB /* AddressDTO.swift */,
				314280DA1DF7ED21003C454A /* AuthorDTO.swift */,
				3161C2BD1E01D474007DC0FB /* ComponentsDTO.swift */,
				A8F746581E85340500FEDCD9 /* DressStyleDTO.swift */,
				310919741DAE823E0083A2C8 /* EmptyDTO.swift */,
				31FE19421DB7DFE30087D095 /* GarmentTypeDTO.swift */,
				A8F746561E8533E200FEDCD9 /* Languages.swift */,
				3197B65E1DB28DA20096EF16 /* MessagesDTO.swift */,
				310919991DAEA92A0083A2C8 /* NetworkResponse.swift */,
				3109197D1DAE87570083A2C8 /* ObjectResponse.swift */,
				3175F4E11E05614C001C89C6 /* OutfitCategoryDTO.swift */,
				31FC67051DB38D5300ECC5A7 /* OutfitDetailDTO.swift */,
				317F6CF51DB2C61100DE0679 /* OutfitsDTO.swift */,
				A820A9891E9FA6E400ECE3F8 /* PaginationDTO.swift */,
				3161C2B71E01D267007DC0FB /* PhotosDTO.swift */,
				A82F6DA31E964A0F0053B6D1 /* PhotoType.swift */,
				3161C2B91E01D2BF007DC0FB /* StylistDTO.swift */,
				31C8BB311E04808B00D8CBD0 /* StylistListDTO.swift */,
				310919791DAE850E0083A2C8 /* UserDTO.swift */,
				A86AAF1C1EBB79FF0070B24D /* WardrobeDTO.swift */,
				A86AAF1E1EBB7ABE0070B24D /* ReviewDTO.swift */,
			);
			path = Network;
			sourceTree = "<group>";
		};
		3109197F1DAE8D880083A2C8 /* UI */ = {
			isa = PBXGroup;
			children = (
				31FC670D1DB3BEF700ECC5A7 /* ScrollView.swift */,
				310919801DAE8DA30083A2C8 /* TextField.swift */,
				31E30E9C1DAECD5E007F4A5A /* Button.swift */,
				31E05E201DAF50BB007AE913 /* ImageView.swift */,
				31818E501DAFF003004883D2 /* TableView.swift */,
				31818E721DB00BAC004883D2 /* Label.swift */,
				31CD44E71DB14CD8007A5E1C /* View.swift */,
				31CD44EB1DB161D9007A5E1C /* GradientImageView.swift */,
				31582A231DBCB86E009D7139 /* FilterBox.swift */,
			);
			path = UI;
			sourceTree = "<group>";
		};
		310919881DAE991A0083A2C8 /* Internal */ = {
			isa = PBXGroup;
			children = (
				310919891DAE99280083A2C8 /* AccessToken.swift */,
				3109198B1DAE9B2C0083A2C8 /* AccountSession.swift */,
				3109198D1DAE9BB80083A2C8 /* UserInfo.swift */,
				31818E4C1DAFEB87004883D2 /* SettingsItem.swift */,
				31CD44ED1DB17338007A5E1C /* ProductInfo.swift */,
			);
			path = Internal;
			sourceTree = "<group>";
		};
		311D1EF71DAE454400A7F545 /* Helpers */ = {
			isa = PBXGroup;
			children = (
				311D1F151DAE4B3D00A7F545 /* UI */,
				311D1F101DAE4AD500A7F545 /* Public protocols */,
				31B9F35F1DB17C740049F08E /* Array.swift */,
				310919841DAE91970083A2C8 /* Keychain.swift */,
				3163A7D31DBA32DC00D009BB /* Optional.swift */,
				3109197B1DAE860B0083A2C8 /* String+SE.swift */,
				310919931DAE9FF60083A2C8 /* Typealiases.swift */,
				31A252731E06E0EB0090EFD8 /* DatetimeTransform.swift */,
				310919911DAE9FDB0083A2C8 /* UserDefaults.swift */,
				31A252711E06E04B0090EFD8 /* TimeHelper.swift */,
				318901DF1DBBBA020027566A /* CurrentLanguageChecker.swift */,
				31582A271DBCC370009D7139 /* FilterMenu.swift */,
				A8C434E71E94E2A300FF8832 /* UIImage.swift */,
			);
			path = Helpers;
			sourceTree = "<group>";
		};
		311D1EF81DAE454600A7F545 /* Essentials */ = {
			isa = PBXGroup;
			children = (
				311D1EFD1DAE455000A7F545 /* Controllers */,
				311D1EFC1DAE454F00A7F545 /* Model */,
				311D1EFB1DAE454E00A7F545 /* View */,
			);
			path = Essentials;
			sourceTree = "<group>";
		};
		311D1EFB1DAE454E00A7F545 /* View */ = {
			isa = PBXGroup;
			children = (
				317D60EE1DB0A3680044D46B /* Cells */,
				3109197F1DAE8D880083A2C8 /* UI */,
			);
			path = View;
			sourceTree = "<group>";
		};
		311D1EFC1DAE454F00A7F545 /* Model */ = {
			isa = PBXGroup;
			children = (
				310919881DAE991A0083A2C8 /* Internal */,
				310919731DAE821E0083A2C8 /* Network */,
			);
			path = Model;
			sourceTree = "<group>";
		};
		311D1EFD1DAE455000A7F545 /* Controllers */ = {
			isa = PBXGroup;
			children = (
				31818E581DAFFE46004883D2 /* Settings */,
				311D1F0F1DAE467B00A7F545 /* Abstract */,
				311D1F0C1DAE465400A7F545 /* Login */,
				311D1F0D1DAE465F00A7F545 /* Main */,
				311D1F0E1DAE466800A7F545 /* Shared */,
				31F5FB9B1DAE2BE300418D36 /* AppDelegate.swift */,
			);
			path = Controllers;
			sourceTree = "<group>";
		};
		311D1EFF1DAE455700A7F545 /* Resources */ = {
			isa = PBXGroup;
			children = (
				31818E5B1DB007E4004883D2 /* Fonts */,
				31897D931DAF6B7400BFFED0 /* Splash */,
				31E05E251DAF53DF007AE913 /* Entilements */,
				311D1F051DAE461F00A7F545 /* Localization */,
				311D1F021DAE461000A7F545 /* Assets */,
				311D1F011DAE45D900A7F545 /* Property lists */,
			);
			path = Resources;
			sourceTree = "<group>";
		};
		311D1F001DAE455800A7F545 /* Configuration */ = {
			isa = PBXGroup;
			children = (
				310919771DAE83240083A2C8 /* Configuration.swift */,
				310919861DAE94AE0083A2C8 /* KeychainKeys.swift */,
				310919951DAEA0260083A2C8 /* UserDefaultKeys.swift */,
			);
			path = Configuration;
			sourceTree = "<group>";
		};
		311D1F011DAE45D900A7F545 /* Property lists */ = {
			isa = PBXGroup;
			children = (
				31F5FBAA1DAE2BE300418D36 /* Info.plist */,
			);
			path = "Property lists";
			sourceTree = "<group>";
		};
		311D1F021DAE461000A7F545 /* Assets */ = {
			isa = PBXGroup;
			children = (
				311D1F031DAE461D00A7F545 /* Media.xcassets */,
			);
			path = Assets;
			sourceTree = "<group>";
		};
		311D1F051DAE461F00A7F545 /* Localization */ = {
			isa = PBXGroup;
			children = (
				311D1F061DAE462C00A7F545 /* Strings */,
			);
			path = Localization;
			sourceTree = "<group>";
		};
		311D1F061DAE462C00A7F545 /* Strings */ = {
			isa = PBXGroup;
			children = (
				311D1F0B1DAE464E00A7F545 /* Login.strings */,
				310286AC1DAFA716007EE87B /* Main.strings */,
				317D60F61DB0AFC30044D46B /* Settings.strings */,
			);
			path = Strings;
			sourceTree = "<group>";
		};
		311D1F0C1DAE465400A7F545 /* Login */ = {
			isa = PBXGroup;
			children = (
				311D1F1E1DAE4E4500A7F545 /* LoginViewController.swift */,
			);
			path = Login;
			sourceTree = "<group>";
		};
		311D1F0D1DAE465F00A7F545 /* Main */ = {
			isa = PBXGroup;
			children = (
				31C8BB351E04820200D8CBD0 /* Stylist */,
				31400F111DB53FCA00A088A0 /* Wardrobe */,
				31400F101DB53FAB00A088A0 /* Questionnaire */,
				31400F0F1DB53FA200A088A0 /* Outfit */,
				31400F0E1DB53F9800A088A0 /* Messages */,
				31818E4E1DAFEBF7004883D2 /* SettingsViewController.swift */,
				31508DCE1DB3C73200D26F53 /* CameraViewController.swift */,
				31508DD01DB3D0F700D26F53 /* CaptureImageViewController.swift */,
				A86CCF551EA649C0006D3245 /* PhotoDetailViewController.swift */,
			);
			path = Main;
			sourceTree = "<group>";
		};
		311D1F0E1DAE466800A7F545 /* Shared */ = {
			isa = PBXGroup;
			children = (
				3102869E1DAFA41A007EE87B /* MainTabBarController.swift */,
			);
			path = Shared;
			sourceTree = "<group>";
		};
		311D1F0F1DAE467B00A7F545 /* Abstract */ = {
			isa = PBXGroup;
			children = (
				311D1F131DAE4B3000A7F545 /* AbstractViewController.swift */,
				310286A01DAFA49B007EE87B /* AbstractTabBarViewController.swift */,
			);
			path = Abstract;
			sourceTree = "<group>";
		};
		311D1F101DAE4AD500A7F545 /* Public protocols */ = {
			isa = PBXGroup;
			children = (
				311D1F111DAE4AE900A7F545 /* Initializable.swift */,
				310919971DAEA0790083A2C8 /* KeyRepresentable.swift */,
				31E05E1D1DAEEADC007AE913 /* Serializable.swift */,
				31818E541DAFF10E004883D2 /* Reusable.swift */,
			);
			path = "Public protocols";
			sourceTree = "<group>";
		};
		311D1F151DAE4B3D00A7F545 /* UI */ = {
			isa = PBXGroup;
			children = (
				A820A98B1E9FAF6800ECE3F8 /* UIScrollView+isAtBottom.swift */,
				310919821DAE8FF80083A2C8 /* UIColor+SE.swift */,
				31E05E261DAF5512007AE913 /* UIFont.swift */,
				31E05E221DAF5227007AE913 /* UINavigationBar+SE.swift */,
				311D1F161DAE4B4B00A7F545 /* UIView+SE.swift */,
				310286A21DAFA4C7007EE87B /* UIViewController+SE.swift */,
				31818E521DAFF0D5004883D2 /* UITableView+SE.swift */,
				31818E561DAFF265004883D2 /* UITabeViewCell+SE.swift */,
			);
			path = UI;
			sourceTree = "<group>";
		};
		311D1F181DAE4C4B00A7F545 /* Services */ = {
			isa = PBXGroup;
			children = (
				311D1F1B1DAE4C8100A7F545 /* Commands */,
				311D1F191DAE4C7F00A7F545 /* APIUrlManager.swift */,
				311D1F1C1DAE4C9500A7F545 /* NetworkExecutable.swift */,
				3109198F1DAE9D830083A2C8 /* AccountSessionManager.swift */,
			);
			path = Services;
			sourceTree = "<group>";
		};
		311D1F1B1DAE4C8100A7F545 /* Commands */ = {
			isa = PBXGroup;
			children = (
				A86CCF571EA693B9006D3245 /* DeleteOutfitPhotoCommand.swift */,
				A8F7465A1E8534CF00FEDCD9 /* DressStyleCommand.swift */,
				316F69321E24160100EC0972 /* GarmentTypeCommand.swift */,
				310919711DAE81170083A2C8 /* LoginCommand.swift */,
				31818E591DB00295004883D2 /* LogoutCommand.swift */,
				31A2526F1E06C7980090EFD8 /* MessageDetailCommand.swift */,
				3197B6601DB28E4C0096EF16 /* MessagesCommand.swift */,
				3175F4E31E05621D001C89C6 /* OutfitCategoryCommand.swift */,
				31FC67071DB38F1D00ECC5A7 /* OutfitDetailCommand.swift */,
				317F6CF71DB2C6D600DE0679 /* OutfitsCommand.swift */,
				312F04A71E47722700252D22 /* SendMessageCommand.swift */,
				31C8BB331E04811C00D8CBD0 /* StylistCommand.swift */,
				318FD7721E472A16008EEA23 /* UpdateMessageStatusCommand.swift */,
				A82F6DA51E964A380053B6D1 /* UploadOutfitPhotoCommand.swift */,
				A8C434E51E94E07100FF8832 /* UploadWardrobePhotoCommand.swift */,
				A86AAF181EBB79240070B24D /* WardrobeCommand.swift */,
				A86AAF1A1EBB796B0070B24D /* WardrobeItemCommand.swift */,
			);
			path = Commands;
			sourceTree = "<group>";
		};
		31400F0E1DB53F9800A088A0 /* Messages */ = {
			isa = PBXGroup;
			children = (
				3197B65A1DB23B7E0096EF16 /* MessagesViewController.swift */,
				31FC670B1DB3BEB300ECC5A7 /* MessageDetailViewController.swift */,
			);
			name = Messages;
			sourceTree = "<group>";
		};
		31400F0F1DB53FA200A088A0 /* Outfit */ = {
			isa = PBXGroup;
			children = (
				310286A51DAFA54A007EE87B /* OutfitViewController.swift */,
				31FC67031DB3821E00ECC5A7 /* OutfitDetailViewController.swift */,
				31CD44E91DB161BF007A5E1C /* ProductDetailViewController.swift */,
				3175F4E51E05638D001C89C6 /* OutfitCategoryViewController.swift */,
			);
			path = Outfit;
			sourceTree = "<group>";
		};
		31400F101DB53FAB00A088A0 /* Questionnaire */ = {
			isa = PBXGroup;
			children = (
				310286A71DAFA569007EE87B /* QuestionnaireViewController.swift */,
				31400F0C1DB53F2800A088A0 /* QuestionnaireDetailViewController.swift */,
			);
			name = Questionnaire;
			sourceTree = "<group>";
		};
		31400F111DB53FCA00A088A0 /* Wardrobe */ = {
			isa = PBXGroup;
			children = (
				310286A91DAFA574007EE87B /* WardrobeViewController.swift */,
				3197B65C1DB288250096EF16 /* WardrobeFeedViewController.swift */,
			);
			name = Wardrobe;
			sourceTree = "<group>";
		};
		317D60EE1DB0A3680044D46B /* Cells */ = {
			isa = PBXGroup;
			children = (
				317D60EF1DB0A3740044D46B /* Abstract */,
				3197B6581DB236C30096EF16 /* MessagesTableViewCell.swift */,
				31CD44E51DB14AF8007A5E1C /* OutfitTableViewCell.swift */,
				317D60F21DB0A4230044D46B /* TableViewCellWithImage.swift */,
				31FC67091DB3AB6C00ECC5A7 /* OutfitDetailTableViewCell.swift */,
				31400F121DB54A7800A088A0 /* QuestionnaireTableViewCell.swift */,
				31C8BB381E04848100D8CBD0 /* StylistListTableViewCell.swift */,
			);
			path = Cells;
			sourceTree = "<group>";
		};
		317D60EF1DB0A3740044D46B /* Abstract */ = {
			isa = PBXGroup;
			children = (
				317D60F01DB0A38D0044D46B /* AbstractTableViewCell.swift */,
			);
			path = Abstract;
			sourceTree = "<group>";
		};
		31818E581DAFFE46004883D2 /* Settings */ = {
			isa = PBXGroup;
			children = (
				317D60F41DB0ADD50044D46B /* LanguagesViewController.swift */,
				31400F061DB53E0600A088A0 /* AboutViewController.swift */,
				31400F081DB53E1700A088A0 /* NoteViewController.swift */,
				31400F0A1DB53E2A00A088A0 /* PrivacyViewController.swift */,
			);
			path = Settings;
			sourceTree = "<group>";
		};
		31818E5B1DB007E4004883D2 /* Fonts */ = {
			isa = PBXGroup;
			children = (
				31818E5D1DB00805004883D2 /* SanFranciscoText-Bold.otf */,
				31818E5E1DB00805004883D2 /* SanFranciscoText-BoldItalic.otf */,
				31818E5F1DB00805004883D2 /* SanFranciscoText-Heavy.otf */,
				31818E601DB00805004883D2 /* SanFranciscoText-HeavyItalic.otf */,
				31818E611DB00805004883D2 /* SanFranciscoText-Light.otf */,
				31818E621DB00805004883D2 /* SanFranciscoText-LightItalic.otf */,
				31818E631DB00805004883D2 /* SanFranciscoText-Medium.otf */,
				31818E641DB00805004883D2 /* SanFranciscoText-MediumItalic.otf */,
				31818E651DB00805004883D2 /* SanFranciscoText-Regular.otf */,
				31818E661DB00805004883D2 /* SanFranciscoText-RegularItalic.otf */,
				31818E671DB00805004883D2 /* SanFranciscoText-Semibold.otf */,
				31818E681DB00805004883D2 /* SanFranciscoText-SemiboldItalic.otf */,
				31818E5C1DB007FB004883D2 /* Avenir.ttc */,
			);
			path = Fonts;
			sourceTree = "<group>";
		};
		31897D931DAF6B7400BFFED0 /* Splash */ = {
			isa = PBXGroup;
			children = (
				31897D941DAF6B8D00BFFED0 /* Launch Screen.storyboard */,
			);
			path = Splash;
			sourceTree = "<group>";
		};
		31C8BB351E04820200D8CBD0 /* Stylist */ = {
			isa = PBXGroup;
			children = (
				31C8BB361E04822600D8CBD0 /* StylistListViewController.swift */,
			);
			path = Stylist;
			sourceTree = "<group>";
		};
		31E05E251DAF53DF007AE913 /* Entilements */ = {
			isa = PBXGroup;
			children = (
				31E05E241DAF53CB007AE913 /* StylistEye.entitlements */,
			);
			path = Entilements;
			sourceTree = "<group>";
		};
		31F5FB8F1DAE2BE300418D36 = {
			isa = PBXGroup;
			children = (
				31F5FB9A1DAE2BE300418D36 /* StylistEye */,
				31F5FBB21DAE2BE300418D36 /* StylistEyeTests */,
				31F5FBBD1DAE2BE300418D36 /* StylistEyeUITests */,
				31F5FB991DAE2BE300418D36 /* Products */,
				11743C1EAA014DE4CB5C8EC1 /* Pods */,
				2FCE7EF81D47C8B374200615 /* Frameworks */,
			);
			sourceTree = "<group>";
		};
		31F5FB991DAE2BE300418D36 /* Products */ = {
			isa = PBXGroup;
			children = (
				31F5FB981DAE2BE300418D36 /* StylistEye.app */,
				31F5FBAF1DAE2BE300418D36 /* StylistEyeTests.xctest */,
				31F5FBBA1DAE2BE300418D36 /* StylistEyeUITests.xctest */,
			);
			name = Products;
			sourceTree = "<group>";
		};
		31F5FB9A1DAE2BE300418D36 /* StylistEye */ = {
			isa = PBXGroup;
			children = (
				311D1EF81DAE454600A7F545 /* Essentials */,
				311D1F001DAE455800A7F545 /* Configuration */,
				311D1EFF1DAE455700A7F545 /* Resources */,
				311D1EF71DAE454400A7F545 /* Helpers */,
				311D1F181DAE4C4B00A7F545 /* Services */,
			);
			path = StylistEye;
			sourceTree = "<group>";
		};
		31F5FBB21DAE2BE300418D36 /* StylistEyeTests */ = {
			isa = PBXGroup;
			children = (
				31F5FBB31DAE2BE300418D36 /* StylistEyeTests.swift */,
				31F5FBB51DAE2BE300418D36 /* Info.plist */,
			);
			path = StylistEyeTests;
			sourceTree = "<group>";
		};
		31F5FBBD1DAE2BE300418D36 /* StylistEyeUITests */ = {
			isa = PBXGroup;
			children = (
				31F5FBBE1DAE2BE300418D36 /* StylistEyeUITests.swift */,
				31F5FBC01DAE2BE300418D36 /* Info.plist */,
			);
			path = StylistEyeUITests;
			sourceTree = "<group>";
		};
/* End PBXGroup section */

/* Begin PBXNativeTarget section */
		31F5FB971DAE2BE300418D36 /* StylistEye */ = {
			isa = PBXNativeTarget;
			buildConfigurationList = 31F5FBC31DAE2BE300418D36 /* Build configuration list for PBXNativeTarget "StylistEye" */;
			buildPhases = (
				6BA0FAEA8630372E32C61CB3 /* [CP] Check Pods Manifest.lock */,
				31F5FB941DAE2BE300418D36 /* Sources */,
				31F5FB951DAE2BE300418D36 /* Frameworks */,
				31F5FB961DAE2BE300418D36 /* Resources */,
				969573373C4207D46F6653E9 /* [CP] Embed Pods Frameworks */,
				9CC5D274FFA9F9CE73E0B09E /* [CP] Copy Pods Resources */,
				A8933E511E82E72C004B354C /* Run Script - Fabric */,
			);
			buildRules = (
			);
			dependencies = (
			);
			name = StylistEye;
			productName = StylistEye;
			productReference = 31F5FB981DAE2BE300418D36 /* StylistEye.app */;
			productType = "com.apple.product-type.application";
		};
		31F5FBAE1DAE2BE300418D36 /* StylistEyeTests */ = {
			isa = PBXNativeTarget;
			buildConfigurationList = 31F5FBC61DAE2BE300418D36 /* Build configuration list for PBXNativeTarget "StylistEyeTests" */;
			buildPhases = (
				31F5FBAB1DAE2BE300418D36 /* Sources */,
				31F5FBAC1DAE2BE300418D36 /* Frameworks */,
				31F5FBAD1DAE2BE300418D36 /* Resources */,
			);
			buildRules = (
			);
			dependencies = (
				31F5FBB11DAE2BE300418D36 /* PBXTargetDependency */,
			);
			name = StylistEyeTests;
			productName = StylistEyeTests;
			productReference = 31F5FBAF1DAE2BE300418D36 /* StylistEyeTests.xctest */;
			productType = "com.apple.product-type.bundle.unit-test";
		};
		31F5FBB91DAE2BE300418D36 /* StylistEyeUITests */ = {
			isa = PBXNativeTarget;
			buildConfigurationList = 31F5FBC91DAE2BE300418D36 /* Build configuration list for PBXNativeTarget "StylistEyeUITests" */;
			buildPhases = (
				31F5FBB61DAE2BE300418D36 /* Sources */,
				31F5FBB71DAE2BE300418D36 /* Frameworks */,
				31F5FBB81DAE2BE300418D36 /* Resources */,
			);
			buildRules = (
			);
			dependencies = (
				31F5FBBC1DAE2BE300418D36 /* PBXTargetDependency */,
			);
			name = StylistEyeUITests;
			productName = StylistEyeUITests;
			productReference = 31F5FBBA1DAE2BE300418D36 /* StylistEyeUITests.xctest */;
			productType = "com.apple.product-type.bundle.ui-testing";
		};
/* End PBXNativeTarget section */

/* Begin PBXProject section */
		31F5FB901DAE2BE300418D36 /* Project object */ = {
			isa = PBXProject;
			attributes = {
				LastSwiftUpdateCheck = 0800;
				LastUpgradeCheck = 0800;
				ORGANIZATIONNAME = "Michal Severín";
				TargetAttributes = {
					31F5FB971DAE2BE300418D36 = {
						CreatedOnToolsVersion = 8.0;
						DevelopmentTeam = G7F55YDE7P;
						ProvisioningStyle = Automatic;
						SystemCapabilities = {
							com.apple.Keychain = {
								enabled = 1;
							};
						};
					};
					31F5FBAE1DAE2BE300418D36 = {
						CreatedOnToolsVersion = 8.0;
						DevelopmentTeam = G7TAUN84TA;
						ProvisioningStyle = Automatic;
						TestTargetID = 31F5FB971DAE2BE300418D36;
					};
					31F5FBB91DAE2BE300418D36 = {
						CreatedOnToolsVersion = 8.0;
						DevelopmentTeam = G7TAUN84TA;
						ProvisioningStyle = Automatic;
						TestTargetID = 31F5FB971DAE2BE300418D36;
					};
				};
			};
			buildConfigurationList = 31F5FB931DAE2BE300418D36 /* Build configuration list for PBXProject "StylistEye" */;
			compatibilityVersion = "Xcode 3.2";
			developmentRegion = English;
			hasScannedForEncodings = 0;
			knownRegions = (
				en,
				Base,
			);
			mainGroup = 31F5FB8F1DAE2BE300418D36;
			productRefGroup = 31F5FB991DAE2BE300418D36 /* Products */;
			projectDirPath = "";
			projectRoot = "";
			targets = (
				31F5FB971DAE2BE300418D36 /* StylistEye */,
				31F5FBAE1DAE2BE300418D36 /* StylistEyeTests */,
				31F5FBB91DAE2BE300418D36 /* StylistEyeUITests */,
			);
		};
/* End PBXProject section */

/* Begin PBXResourcesBuildPhase section */
		31F5FB961DAE2BE300418D36 /* Resources */ = {
			isa = PBXResourcesBuildPhase;
			buildActionMask = 2147483647;
			files = (
				31818E691DB00926004883D2 /* SanFranciscoText-Bold.otf in Resources */,
				31818E6A1DB00926004883D2 /* SanFranciscoText-BoldItalic.otf in Resources */,
				31818E6B1DB00926004883D2 /* SanFranciscoText-Heavy.otf in Resources */,
				317D60F71DB0AFC30044D46B /* Settings.strings in Resources */,
				31818E6C1DB00926004883D2 /* SanFranciscoText-HeavyItalic.otf in Resources */,
				31818E6D1DB00926004883D2 /* SanFranciscoText-Light.otf in Resources */,
				31818E6E1DB00926004883D2 /* SanFranciscoText-LightItalic.otf in Resources */,
				31818E6F1DB00926004883D2 /* SanFranciscoText-Medium.otf in Resources */,
				31818E701DB00926004883D2 /* SanFranciscoText-MediumItalic.otf in Resources */,
				31818E711DB00926004883D2 /* Avenir.ttc in Resources */,
				31897D951DAF6B8D00BFFED0 /* Launch Screen.storyboard in Resources */,
				310286AD1DAFA716007EE87B /* Main.strings in Resources */,
				311D1F091DAE464E00A7F545 /* Login.strings in Resources */,
				311D1F041DAE461D00A7F545 /* Media.xcassets in Resources */,
			);
			runOnlyForDeploymentPostprocessing = 0;
		};
		31F5FBAD1DAE2BE300418D36 /* Resources */ = {
			isa = PBXResourcesBuildPhase;
			buildActionMask = 2147483647;
			files = (
			);
			runOnlyForDeploymentPostprocessing = 0;
		};
		31F5FBB81DAE2BE300418D36 /* Resources */ = {
			isa = PBXResourcesBuildPhase;
			buildActionMask = 2147483647;
			files = (
			);
			runOnlyForDeploymentPostprocessing = 0;
		};
/* End PBXResourcesBuildPhase section */

/* Begin PBXShellScriptBuildPhase section */
		6BA0FAEA8630372E32C61CB3 /* [CP] Check Pods Manifest.lock */ = {
			isa = PBXShellScriptBuildPhase;
			buildActionMask = 2147483647;
			files = (
			);
			inputPaths = (
			);
			name = "[CP] Check Pods Manifest.lock";
			outputPaths = (
			);
			runOnlyForDeploymentPostprocessing = 0;
			shellPath = /bin/sh;
			shellScript = "diff \"${PODS_ROOT}/../Podfile.lock\" \"${PODS_ROOT}/Manifest.lock\" > /dev/null\nif [ $? != 0 ] ; then\n    # print error to STDERR\n    echo \"error: The sandbox is not in sync with the Podfile.lock. Run 'pod install' or update your CocoaPods installation.\" >&2\n    exit 1\nfi\n";
			showEnvVarsInLog = 0;
		};
		969573373C4207D46F6653E9 /* [CP] Embed Pods Frameworks */ = {
			isa = PBXShellScriptBuildPhase;
			buildActionMask = 2147483647;
			files = (
			);
			inputPaths = (
			);
			name = "[CP] Embed Pods Frameworks";
			outputPaths = (
			);
			runOnlyForDeploymentPostprocessing = 0;
			shellPath = /bin/sh;
			shellScript = "\"${SRCROOT}/Pods/Target Support Files/Pods-StylistEye/Pods-StylistEye-frameworks.sh\"\n";
			showEnvVarsInLog = 0;
		};
		9CC5D274FFA9F9CE73E0B09E /* [CP] Copy Pods Resources */ = {
			isa = PBXShellScriptBuildPhase;
			buildActionMask = 2147483647;
			files = (
			);
			inputPaths = (
			);
			name = "[CP] Copy Pods Resources";
			outputPaths = (
			);
			runOnlyForDeploymentPostprocessing = 0;
			shellPath = /bin/sh;
			shellScript = "\"${SRCROOT}/Pods/Target Support Files/Pods-StylistEye/Pods-StylistEye-resources.sh\"\n";
			showEnvVarsInLog = 0;
		};
		A8933E511E82E72C004B354C /* Run Script - Fabric */ = {
			isa = PBXShellScriptBuildPhase;
			buildActionMask = 2147483647;
			files = (
			);
			inputPaths = (
			);
			name = "Run Script - Fabric";
			outputPaths = (
			);
			runOnlyForDeploymentPostprocessing = 0;
			shellPath = /bin/sh;
			shellScript = "\"${PODS_ROOT}/Fabric/run\" c6851fbad59df66d027293ebb9cbceb2ef2f14d8 edbcbb6c790cda1d367c2c6cc0d97830ce10eb70bf9651a7f18879c7a45730c9";
		};
/* End PBXShellScriptBuildPhase section */

/* Begin PBXSourcesBuildPhase section */
		31F5FB941DAE2BE300418D36 /* Sources */ = {
			isa = PBXSourcesBuildPhase;
			buildActionMask = 2147483647;
			files = (
				31E05E211DAF50BB007AE913 /* ImageView.swift in Sources */,
				31FE19431DB7DFE30087D095 /* GarmentTypeDTO.swift in Sources */,
				A86AAF1B1EBB796B0070B24D /* WardrobeItemCommand.swift in Sources */,
				31FC67081DB38F1D00ECC5A7 /* OutfitDetailCommand.swift in Sources */,
				310919831DAE8FF80083A2C8 /* UIColor+SE.swift in Sources */,
				31818E4D1DAFEB87004883D2 /* SettingsItem.swift in Sources */,
				3102869F1DAFA41A007EE87B /* MainTabBarController.swift in Sources */,
				31818E571DAFF265004883D2 /* UITabeViewCell+SE.swift in Sources */,
				3161C2BC1E01D2F6007DC0FB /* AddressDTO.swift in Sources */,
				A86CCF561EA649C0006D3245 /* PhotoDetailViewController.swift in Sources */,
				31C8BB321E04808B00D8CBD0 /* StylistListDTO.swift in Sources */,
				A820A98C1E9FAF6800ECE3F8 /* UIScrollView+isAtBottom.swift in Sources */,
				310919901DAE9D830083A2C8 /* AccountSessionManager.swift in Sources */,
				311D1F1F1DAE4E4500A7F545 /* LoginViewController.swift in Sources */,
				310919941DAE9FF60083A2C8 /* Typealiases.swift in Sources */,
				A8F746591E85340500FEDCD9 /* DressStyleDTO.swift in Sources */,
				31508DD11DB3D0F700D26F53 /* CaptureImageViewController.swift in Sources */,
				31A252701E06C7980090EFD8 /* MessageDetailCommand.swift in Sources */,
				312F04A81E47722700252D22 /* SendMessageCommand.swift in Sources */,
				3175F4E21E05614C001C89C6 /* OutfitCategoryDTO.swift in Sources */,
				31FC670E1DB3BEF700ECC5A7 /* ScrollView.swift in Sources */,
				31F5FB9C1DAE2BE300418D36 /* AppDelegate.swift in Sources */,
				31582A241DBCB86E009D7139 /* FilterBox.swift in Sources */,
				311D1F141DAE4B3000A7F545 /* AbstractViewController.swift in Sources */,
				310919811DAE8DA30083A2C8 /* TextField.swift in Sources */,
				310286AA1DAFA574007EE87B /* WardrobeViewController.swift in Sources */,
				3197B6611DB28E4C0096EF16 /* MessagesCommand.swift in Sources */,
				31C8BB391E04848100D8CBD0 /* StylistListTableViewCell.swift in Sources */,
				31C8BB371E04822600D8CBD0 /* StylistListViewController.swift in Sources */,
				31C8BB341E04811C00D8CBD0 /* StylistCommand.swift in Sources */,
				3197B6591DB236C30096EF16 /* MessagesTableViewCell.swift in Sources */,
				310286A31DAFA4C7007EE87B /* UIViewController+SE.swift in Sources */,
				3109197A1DAE850E0083A2C8 /* UserDTO.swift in Sources */,
				316F69331E24160100EC0972 /* GarmentTypeCommand.swift in Sources */,
				31CD44EE1DB17338007A5E1C /* ProductInfo.swift in Sources */,
				317D60F51DB0ADD60044D46B /* LanguagesViewController.swift in Sources */,
				310919961DAEA0260083A2C8 /* UserDefaultKeys.swift in Sources */,
				31818E5A1DB00295004883D2 /* LogoutCommand.swift in Sources */,
				310919851DAE91970083A2C8 /* Keychain.swift in Sources */,
				3161C2BE1E01D474007DC0FB /* ComponentsDTO.swift in Sources */,
				A86AAF191EBB79240070B24D /* WardrobeCommand.swift in Sources */,
				310919871DAE94AE0083A2C8 /* KeychainKeys.swift in Sources */,
				3175F4E41E05621D001C89C6 /* OutfitCategoryCommand.swift in Sources */,
				310286A81DAFA569007EE87B /* QuestionnaireViewController.swift in Sources */,
				31A252741E06E0EB0090EFD8 /* DatetimeTransform.swift in Sources */,
				3197B65B1DB23B7E0096EF16 /* MessagesViewController.swift in Sources */,
				31E05E1E1DAEEADC007AE913 /* Serializable.swift in Sources */,
				317D60F31DB0A4230044D46B /* TableViewCellWithImage.swift in Sources */,
				A820A98A1E9FA6E400ECE3F8 /* PaginationDTO.swift in Sources */,
				31CD44E81DB14CD8007A5E1C /* View.swift in Sources */,
				31818E551DAFF10E004883D2 /* Reusable.swift in Sources */,
				318FD7731E472A16008EEA23 /* UpdateMessageStatusCommand.swift in Sources */,
				3197B65D1DB288250096EF16 /* WardrobeFeedViewController.swift in Sources */,
				31818E531DAFF0D5004883D2 /* UITableView+SE.swift in Sources */,
				31582A281DBCC370009D7139 /* FilterMenu.swift in Sources */,
				3109198E1DAE9BB80083A2C8 /* UserInfo.swift in Sources */,
				31B9F3601DB17C740049F08E /* Array.swift in Sources */,
				3109197C1DAE860B0083A2C8 /* String+SE.swift in Sources */,
				311D1F171DAE4B4B00A7F545 /* UIView+SE.swift in Sources */,
				31FC670C1DB3BEB300ECC5A7 /* MessageDetailViewController.swift in Sources */,
				A82F6DA41E964A0F0053B6D1 /* PhotoType.swift in Sources */,
				31400F071DB53E0600A088A0 /* AboutViewController.swift in Sources */,
				31508DCF1DB3C73200D26F53 /* CameraViewController.swift in Sources */,
				3197B65F1DB28DA20096EF16 /* MessagesDTO.swift in Sources */,
				310286A61DAFA54A007EE87B /* OutfitViewController.swift in Sources */,
				31818E4F1DAFEBF7004883D2 /* SettingsViewController.swift in Sources */,
				A86CCF581EA693B9006D3245 /* DeleteOutfitPhotoCommand.swift in Sources */,
				A8F746571E8533E200FEDCD9 /* Languages.swift in Sources */,
				310286A11DAFA49B007EE87B /* AbstractTabBarViewController.swift in Sources */,
				31FC670A1DB3AB6C00ECC5A7 /* OutfitDetailTableViewCell.swift in Sources */,
				31400F091DB53E1700A088A0 /* NoteViewController.swift in Sources */,
				311D1F121DAE4AE900A7F545 /* Initializable.swift in Sources */,
				3109198C1DAE9B2C0083A2C8 /* AccountSession.swift in Sources */,
				317F6CF61DB2C61100DE0679 /* OutfitsDTO.swift in Sources */,
				3175F4E61E05638D001C89C6 /* OutfitCategoryViewController.swift in Sources */,
				314280DB1DF7ED21003C454A /* AuthorDTO.swift in Sources */,
				31E30E9D1DAECD5E007F4A5A /* Button.swift in Sources */,
				3109198A1DAE99280083A2C8 /* AccessToken.swift in Sources */,
				317F6CF81DB2C6D600DE0679 /* OutfitsCommand.swift in Sources */,
				31CD44E61DB14AF8007A5E1C /* OutfitTableViewCell.swift in Sources */,
				31818E511DAFF003004883D2 /* TableView.swift in Sources */,
				3163A7D41DBA32DC00D009BB /* Optional.swift in Sources */,
				A8F7465B1E8534CF00FEDCD9 /* DressStyleCommand.swift in Sources */,
				A86AAF1F1EBB7ABE0070B24D /* ReviewDTO.swift in Sources */,
				31818E731DB00BAC004883D2 /* Label.swift in Sources */,
				31400F0D1DB53F2800A088A0 /* QuestionnaireDetailViewController.swift in Sources */,
				A8C434E61E94E07100FF8832 /* UploadWardrobePhotoCommand.swift in Sources */,
				3161C2B81E01D267007DC0FB /* PhotosDTO.swift in Sources */,
				31CD44EC1DB161D9007A5E1C /* GradientImageView.swift in Sources */,
				310919721DAE81170083A2C8 /* LoginCommand.swift in Sources */,
				31400F131DB54A7800A088A0 /* QuestionnaireTableViewCell.swift in Sources */,
				A86AAF1D1EBB79FF0070B24D /* WardrobeDTO.swift in Sources */,
				310919781DAE83240083A2C8 /* Configuration.swift in Sources */,
				3109197E1DAE87570083A2C8 /* ObjectResponse.swift in Sources */,
				31400F0B1DB53E2A00A088A0 /* PrivacyViewController.swift in Sources */,
				A8C434E81E94E2A300FF8832 /* UIImage.swift in Sources */,
				317D60F11DB0A38D0044D46B /* AbstractTableViewCell.swift in Sources */,
				311D1F1D1DAE4C9500A7F545 /* NetworkExecutable.swift in Sources */,
				A82F6DA61E964A380053B6D1 /* UploadOutfitPhotoCommand.swift in Sources */,
				31A252721E06E04B0090EFD8 /* TimeHelper.swift in Sources */,
				310919981DAEA0790083A2C8 /* KeyRepresentable.swift in Sources */,
				31CD44EA1DB161BF007A5E1C /* ProductDetailViewController.swift in Sources */,
				310919751DAE823E0083A2C8 /* EmptyDTO.swift in Sources */,
				31FC67061DB38D5300ECC5A7 /* OutfitDetailDTO.swift in Sources */,
				3161C2BA1E01D2BF007DC0FB /* StylistDTO.swift in Sources */,
				311D1F1A1DAE4C7F00A7F545 /* APIUrlManager.swift in Sources */,
				31E05E271DAF5512007AE913 /* UIFont.swift in Sources */,
				31FC67041DB3821E00ECC5A7 /* OutfitDetailViewController.swift in Sources */,
				310919921DAE9FDB0083A2C8 /* UserDefaults.swift in Sources */,
				3109199A1DAEA92A0083A2C8 /* NetworkResponse.swift in Sources */,
				31E05E231DAF5227007AE913 /* UINavigationBar+SE.swift in Sources */,
				318901E01DBBBA020027566A /* CurrentLanguageChecker.swift in Sources */,
			);
			runOnlyForDeploymentPostprocessing = 0;
		};
		31F5FBAB1DAE2BE300418D36 /* Sources */ = {
			isa = PBXSourcesBuildPhase;
			buildActionMask = 2147483647;
			files = (
				31F5FBB41DAE2BE300418D36 /* StylistEyeTests.swift in Sources */,
			);
			runOnlyForDeploymentPostprocessing = 0;
		};
		31F5FBB61DAE2BE300418D36 /* Sources */ = {
			isa = PBXSourcesBuildPhase;
			buildActionMask = 2147483647;
			files = (
				31F5FBBF1DAE2BE300418D36 /* StylistEyeUITests.swift in Sources */,
			);
			runOnlyForDeploymentPostprocessing = 0;
		};
/* End PBXSourcesBuildPhase section */

/* Begin PBXTargetDependency section */
		31F5FBB11DAE2BE300418D36 /* PBXTargetDependency */ = {
			isa = PBXTargetDependency;
			target = 31F5FB971DAE2BE300418D36 /* StylistEye */;
			targetProxy = 31F5FBB01DAE2BE300418D36 /* PBXContainerItemProxy */;
		};
		31F5FBBC1DAE2BE300418D36 /* PBXTargetDependency */ = {
			isa = PBXTargetDependency;
			target = 31F5FB971DAE2BE300418D36 /* StylistEye */;
			targetProxy = 31F5FBBB1DAE2BE300418D36 /* PBXContainerItemProxy */;
		};
/* End PBXTargetDependency section */

/* Begin PBXVariantGroup section */
		311D1F0B1DAE464E00A7F545 /* Login.strings */ = {
			isa = PBXVariantGroup;
			children = (
				311D1F0A1DAE464E00A7F545 /* Base */,
			);
			name = Login.strings;
			sourceTree = "<group>";
		};
/* End PBXVariantGroup section */

/* Begin XCBuildConfiguration section */
		31F5FBC11DAE2BE300418D36 /* Debug */ = {
			isa = XCBuildConfiguration;
			buildSettings = {
				ALWAYS_SEARCH_USER_PATHS = NO;
				CLANG_ANALYZER_NONNULL = YES;
				CLANG_CXX_LANGUAGE_STANDARD = "gnu++0x";
				CLANG_CXX_LIBRARY = "libc++";
				CLANG_ENABLE_MODULES = YES;
				CLANG_ENABLE_OBJC_ARC = YES;
				CLANG_WARN_BOOL_CONVERSION = YES;
				CLANG_WARN_CONSTANT_CONVERSION = YES;
				CLANG_WARN_DIRECT_OBJC_ISA_USAGE = YES_ERROR;
				CLANG_WARN_DOCUMENTATION_COMMENTS = YES;
				CLANG_WARN_EMPTY_BODY = YES;
				CLANG_WARN_ENUM_CONVERSION = YES;
				CLANG_WARN_INFINITE_RECURSION = YES;
				CLANG_WARN_INT_CONVERSION = YES;
				CLANG_WARN_OBJC_ROOT_CLASS = YES_ERROR;
				CLANG_WARN_SUSPICIOUS_MOVE = YES;
				CLANG_WARN_SUSPICIOUS_MOVES = YES;
				CLANG_WARN_UNREACHABLE_CODE = YES;
				CLANG_WARN__DUPLICATE_METHOD_MATCH = YES;
				"CODE_SIGN_IDENTITY[sdk=iphoneos*]" = "iPhone Developer";
				COPY_PHASE_STRIP = NO;
				DEBUG_INFORMATION_FORMAT = "dwarf-with-dsym";
				ENABLE_STRICT_OBJC_MSGSEND = YES;
				ENABLE_TESTABILITY = YES;
				GCC_C_LANGUAGE_STANDARD = gnu99;
				GCC_DYNAMIC_NO_PIC = NO;
				GCC_NO_COMMON_BLOCKS = YES;
				GCC_OPTIMIZATION_LEVEL = 0;
				GCC_PREPROCESSOR_DEFINITIONS = (
					"DEBUG=1",
					"$(inherited)",
				);
				GCC_WARN_64_TO_32_BIT_CONVERSION = YES;
				GCC_WARN_ABOUT_RETURN_TYPE = YES_ERROR;
				GCC_WARN_UNDECLARED_SELECTOR = YES;
				GCC_WARN_UNINITIALIZED_AUTOS = YES_AGGRESSIVE;
				GCC_WARN_UNUSED_FUNCTION = YES;
				GCC_WARN_UNUSED_VARIABLE = YES;
				IPHONEOS_DEPLOYMENT_TARGET = 10.0;
				MTL_ENABLE_DEBUG_INFO = YES;
				ONLY_ACTIVE_ARCH = YES;
				SDKROOT = iphoneos;
				SWIFT_ACTIVE_COMPILATION_CONDITIONS = DEBUG;
				SWIFT_OPTIMIZATION_LEVEL = "-Onone";
			};
			name = Debug;
		};
		31F5FBC21DAE2BE300418D36 /* Release */ = {
			isa = XCBuildConfiguration;
			buildSettings = {
				ALWAYS_SEARCH_USER_PATHS = NO;
				CLANG_ANALYZER_NONNULL = YES;
				CLANG_CXX_LANGUAGE_STANDARD = "gnu++0x";
				CLANG_CXX_LIBRARY = "libc++";
				CLANG_ENABLE_MODULES = YES;
				CLANG_ENABLE_OBJC_ARC = YES;
				CLANG_WARN_BOOL_CONVERSION = YES;
				CLANG_WARN_CONSTANT_CONVERSION = YES;
				CLANG_WARN_DIRECT_OBJC_ISA_USAGE = YES_ERROR;
				CLANG_WARN_DOCUMENTATION_COMMENTS = YES;
				CLANG_WARN_EMPTY_BODY = YES;
				CLANG_WARN_ENUM_CONVERSION = YES;
				CLANG_WARN_INFINITE_RECURSION = YES;
				CLANG_WARN_INT_CONVERSION = YES;
				CLANG_WARN_OBJC_ROOT_CLASS = YES_ERROR;
				CLANG_WARN_SUSPICIOUS_MOVE = YES;
				CLANG_WARN_SUSPICIOUS_MOVES = YES;
				CLANG_WARN_UNREACHABLE_CODE = YES;
				CLANG_WARN__DUPLICATE_METHOD_MATCH = YES;
				"CODE_SIGN_IDENTITY[sdk=iphoneos*]" = "iPhone Developer";
				COPY_PHASE_STRIP = NO;
				DEBUG_INFORMATION_FORMAT = "dwarf-with-dsym";
				ENABLE_NS_ASSERTIONS = NO;
				ENABLE_STRICT_OBJC_MSGSEND = YES;
				GCC_C_LANGUAGE_STANDARD = gnu99;
				GCC_NO_COMMON_BLOCKS = YES;
				GCC_WARN_64_TO_32_BIT_CONVERSION = YES;
				GCC_WARN_ABOUT_RETURN_TYPE = YES_ERROR;
				GCC_WARN_UNDECLARED_SELECTOR = YES;
				GCC_WARN_UNINITIALIZED_AUTOS = YES_AGGRESSIVE;
				GCC_WARN_UNUSED_FUNCTION = YES;
				GCC_WARN_UNUSED_VARIABLE = YES;
				IPHONEOS_DEPLOYMENT_TARGET = 10.0;
				MTL_ENABLE_DEBUG_INFO = NO;
				SDKROOT = iphoneos;
				SWIFT_OPTIMIZATION_LEVEL = "-Owholemodule";
				VALIDATE_PRODUCT = YES;
			};
			name = Release;
		};
		31F5FBC41DAE2BE300418D36 /* Debug */ = {
			isa = XCBuildConfiguration;
			baseConfigurationReference = C8E134B3C3EF262318421358 /* Pods-StylistEye.debug.xcconfig */;
			buildSettings = {
				ALWAYS_EMBED_SWIFT_STANDARD_LIBRARIES = "$(inherited)";
				ASSETCATALOG_COMPILER_APPICON_NAME = AppIcon;
				CLANG_ANALYZER_SECURITY_FLOATLOOPCOUNTER = YES;
				CLANG_ANALYZER_SECURITY_INSECUREAPI_RAND = YES;
				CLANG_ANALYZER_SECURITY_INSECUREAPI_STRCPY = YES;
				CODE_SIGN_ENTITLEMENTS = "$(SRCROOT)/StylistEye/Resources/Entilements/StylistEye.entitlements";
				"CODE_SIGN_IDENTITY[sdk=iphoneos*]" = "iPhone Developer";
				DEVELOPMENT_TEAM = "";
				FRAMEWORK_SEARCH_PATHS = (
					"$(inherited)",
					"$(PROJECT_DIR)/build/Debug-iphoneos/KVNProgress",
					"$(PROJECT_DIR)",
				);
				INFOPLIST_FILE = "$(SRCROOT)/StylistEye/Resources/Property lists/Info.plist";
				IPHONEOS_DEPLOYMENT_TARGET = 9.2;
				LD_RUNPATH_SEARCH_PATHS = "$(inherited) @executable_path/Frameworks";
				PRODUCT_BUNDLE_IDENTIFIER = cz.stachon.StylistEye;
				PRODUCT_NAME = "$(TARGET_NAME)";
				PROVISIONING_PROFILE = "";
				PROVISIONING_PROFILE_SPECIFIER = "";
				SWIFT_VERSION = 3.0;
			};
			name = Debug;
		};
		31F5FBC51DAE2BE300418D36 /* Release */ = {
			isa = XCBuildConfiguration;
			baseConfigurationReference = B3CA3A0A26CA10F0E2AD5B3D /* Pods-StylistEye.release.xcconfig */;
			buildSettings = {
				ALWAYS_EMBED_SWIFT_STANDARD_LIBRARIES = "$(inherited)";
				ASSETCATALOG_COMPILER_APPICON_NAME = AppIcon;
				CLANG_ANALYZER_SECURITY_FLOATLOOPCOUNTER = YES;
				CLANG_ANALYZER_SECURITY_INSECUREAPI_RAND = YES;
				CLANG_ANALYZER_SECURITY_INSECUREAPI_STRCPY = YES;
				CODE_SIGN_ENTITLEMENTS = "$(SRCROOT)/StylistEye/Resources/Entilements/StylistEye.entitlements";
				"CODE_SIGN_IDENTITY[sdk=iphoneos*]" = "iPhone Developer";
				DEVELOPMENT_TEAM = "";
				FRAMEWORK_SEARCH_PATHS = (
					"$(inherited)",
					"$(PROJECT_DIR)/build/Debug-iphoneos/KVNProgress",
					"$(PROJECT_DIR)",
				);
				INFOPLIST_FILE = "$(SRCROOT)/StylistEye/Resources/Property lists/Info.plist";
				IPHONEOS_DEPLOYMENT_TARGET = 9.2;
				LD_RUNPATH_SEARCH_PATHS = "$(inherited) @executable_path/Frameworks";
				PRODUCT_BUNDLE_IDENTIFIER = cz.stachon.StylistEye;
				PRODUCT_NAME = "$(TARGET_NAME)";
				PROVISIONING_PROFILE = "";
				PROVISIONING_PROFILE_SPECIFIER = "";
				SWIFT_OPTIMIZATION_LEVEL = "-Onone";
				SWIFT_VERSION = 3.0;
			};
			name = Release;
		};
		31F5FBC71DAE2BE300418D36 /* Debug */ = {
			isa = XCBuildConfiguration;
			buildSettings = {
				ALWAYS_EMBED_SWIFT_STANDARD_LIBRARIES = YES;
				BUNDLE_LOADER = "$(TEST_HOST)";
				DEVELOPMENT_TEAM = G7TAUN84TA;
				INFOPLIST_FILE = StylistEyeTests/Info.plist;
				LD_RUNPATH_SEARCH_PATHS = "$(inherited) @executable_path/Frameworks @loader_path/Frameworks";
				PRODUCT_BUNDLE_IDENTIFIER = ms.StylistEyeTests;
				PRODUCT_NAME = "$(TARGET_NAME)";
				SWIFT_VERSION = 3.0;
				TEST_HOST = "$(BUILT_PRODUCTS_DIR)/StylistEye.app/StylistEye";
			};
			name = Debug;
		};
		31F5FBC81DAE2BE300418D36 /* Release */ = {
			isa = XCBuildConfiguration;
			buildSettings = {
				ALWAYS_EMBED_SWIFT_STANDARD_LIBRARIES = YES;
				BUNDLE_LOADER = "$(TEST_HOST)";
				DEVELOPMENT_TEAM = G7TAUN84TA;
				INFOPLIST_FILE = StylistEyeTests/Info.plist;
				LD_RUNPATH_SEARCH_PATHS = "$(inherited) @executable_path/Frameworks @loader_path/Frameworks";
				PRODUCT_BUNDLE_IDENTIFIER = ms.StylistEyeTests;
				PRODUCT_NAME = "$(TARGET_NAME)";
				SWIFT_VERSION = 3.0;
				TEST_HOST = "$(BUILT_PRODUCTS_DIR)/StylistEye.app/StylistEye";
			};
			name = Release;
		};
		31F5FBCA1DAE2BE300418D36 /* Debug */ = {
			isa = XCBuildConfiguration;
			buildSettings = {
				ALWAYS_EMBED_SWIFT_STANDARD_LIBRARIES = YES;
				DEVELOPMENT_TEAM = G7TAUN84TA;
				INFOPLIST_FILE = StylistEyeUITests/Info.plist;
				LD_RUNPATH_SEARCH_PATHS = "$(inherited) @executable_path/Frameworks @loader_path/Frameworks";
				PRODUCT_BUNDLE_IDENTIFIER = ms.StylistEyeUITests;
				PRODUCT_NAME = "$(TARGET_NAME)";
				SWIFT_VERSION = 3.0;
				TEST_TARGET_NAME = StylistEye;
			};
			name = Debug;
		};
		31F5FBCB1DAE2BE300418D36 /* Release */ = {
			isa = XCBuildConfiguration;
			buildSettings = {
				ALWAYS_EMBED_SWIFT_STANDARD_LIBRARIES = YES;
				DEVELOPMENT_TEAM = G7TAUN84TA;
				INFOPLIST_FILE = StylistEyeUITests/Info.plist;
				LD_RUNPATH_SEARCH_PATHS = "$(inherited) @executable_path/Frameworks @loader_path/Frameworks";
				PRODUCT_BUNDLE_IDENTIFIER = ms.StylistEyeUITests;
				PRODUCT_NAME = "$(TARGET_NAME)";
				SWIFT_VERSION = 3.0;
				TEST_TARGET_NAME = StylistEye;
			};
			name = Release;
		};
/* End XCBuildConfiguration section */

/* Begin XCConfigurationList section */
		31F5FB931DAE2BE300418D36 /* Build configuration list for PBXProject "StylistEye" */ = {
			isa = XCConfigurationList;
			buildConfigurations = (
				31F5FBC11DAE2BE300418D36 /* Debug */,
				31F5FBC21DAE2BE300418D36 /* Release */,
			);
			defaultConfigurationIsVisible = 0;
			defaultConfigurationName = Release;
		};
		31F5FBC31DAE2BE300418D36 /* Build configuration list for PBXNativeTarget "StylistEye" */ = {
			isa = XCConfigurationList;
			buildConfigurations = (
				31F5FBC41DAE2BE300418D36 /* Debug */,
				31F5FBC51DAE2BE300418D36 /* Release */,
			);
			defaultConfigurationIsVisible = 0;
			defaultConfigurationName = Release;
		};
		31F5FBC61DAE2BE300418D36 /* Build configuration list for PBXNativeTarget "StylistEyeTests" */ = {
			isa = XCConfigurationList;
			buildConfigurations = (
				31F5FBC71DAE2BE300418D36 /* Debug */,
				31F5FBC81DAE2BE300418D36 /* Release */,
			);
			defaultConfigurationIsVisible = 0;
			defaultConfigurationName = Release;
		};
		31F5FBC91DAE2BE300418D36 /* Build configuration list for PBXNativeTarget "StylistEyeUITests" */ = {
			isa = XCConfigurationList;
			buildConfigurations = (
				31F5FBCA1DAE2BE300418D36 /* Debug */,
				31F5FBCB1DAE2BE300418D36 /* Release */,
			);
			defaultConfigurationIsVisible = 0;
			defaultConfigurationName = Release;
		};
/* End XCConfigurationList section */
	};
	rootObject = 31F5FB901DAE2BE300418D36 /* Project object */;
}
